// !$*UTF8*$!
{
	archiveVersion = 1;
	classes = {
	};
	objectVersion = 46;
	objects = {

/* Begin PBXAggregateTarget section */
		"Pui::PuiPackageTests::ProductTarget" /* PuiPackageTests */ = {
			isa = PBXAggregateTarget;
			buildConfigurationList = OBJ_165 /* Build configuration list for PBXAggregateTarget "PuiPackageTests" */;
			buildPhases = (
			);
			dependencies = (
				OBJ_168 /* PBXTargetDependency */,
			);
			name = PuiPackageTests;
			productName = PuiPackageTests;
		};
		"Pui::pui::ProductTarget" /* pui */ = {
			isa = PBXAggregateTarget;
			buildConfigurationList = OBJ_201 /* Build configuration list for PBXAggregateTarget "pui" */;
			buildPhases = (
			);
			dependencies = (
				OBJ_204 /* PBXTargetDependency */,
			);
			name = pui;
			productName = pui;
		};
/* End PBXAggregateTarget section */

/* Begin PBXBuildFile section */
		B618EE1325D5840400EAB72B /* String+.swift in Sources */ = {isa = PBXBuildFile; fileRef = B618EE1225D5840400EAB72B /* String+.swift */; };
		B618EE3225D5845700EAB72B /* String+.swift in Sources */ = {isa = PBXBuildFile; fileRef = B618EE1225D5840400EAB72B /* String+.swift */; };
		B618EE3E25D5850400EAB72B /* Bash.swift in Sources */ = {isa = PBXBuildFile; fileRef = B618EE3D25D5850400EAB72B /* Bash.swift */; };
		B618EE4925D5851900EAB72B /* Bash.swift in Sources */ = {isa = PBXBuildFile; fileRef = B618EE3D25D5850400EAB72B /* Bash.swift */; };
		B618EE5525D58A3C00EAB72B /* Template.swift in Sources */ = {isa = PBXBuildFile; fileRef = B618EE5425D58A3C00EAB72B /* Template.swift */; };
		B618EE6025D58A4D00EAB72B /* Template.swift in Sources */ = {isa = PBXBuildFile; fileRef = B618EE5425D58A3C00EAB72B /* Template.swift */; };
		B618EE6D25D58CA700EAB72B /* Component.swift in Sources */ = {isa = PBXBuildFile; fileRef = B618EE6C25D58CA700EAB72B /* Component.swift */; };
		B618EE8D25D590F700EAB72B /* Component.swift in Sources */ = {isa = PBXBuildFile; fileRef = B618EE6C25D58CA700EAB72B /* Component.swift */; };
		OBJ_100 /* NameSpecification.swift in Sources */ = {isa = PBXBuildFile; fileRef = OBJ_40 /* NameSpecification.swift */; };
		OBJ_101 /* Option.swift in Sources */ = {isa = PBXBuildFile; fileRef = OBJ_41 /* Option.swift */; };
		OBJ_102 /* OptionGroup.swift in Sources */ = {isa = PBXBuildFile; fileRef = OBJ_42 /* OptionGroup.swift */; };
		OBJ_103 /* CommandConfiguration.swift in Sources */ = {isa = PBXBuildFile; fileRef = OBJ_44 /* CommandConfiguration.swift */; };
		OBJ_104 /* EnumerableFlag.swift in Sources */ = {isa = PBXBuildFile; fileRef = OBJ_45 /* EnumerableFlag.swift */; };
		OBJ_105 /* ExpressibleByArgument.swift in Sources */ = {isa = PBXBuildFile; fileRef = OBJ_46 /* ExpressibleByArgument.swift */; };
		OBJ_106 /* ParsableArguments.swift in Sources */ = {isa = PBXBuildFile; fileRef = OBJ_47 /* ParsableArguments.swift */; };
		OBJ_107 /* ParsableArgumentsValidation.swift in Sources */ = {isa = PBXBuildFile; fileRef = OBJ_48 /* ParsableArgumentsValidation.swift */; };
		OBJ_108 /* ParsableCommand.swift in Sources */ = {isa = PBXBuildFile; fileRef = OBJ_49 /* ParsableCommand.swift */; };
		OBJ_109 /* ArgumentDecoder.swift in Sources */ = {isa = PBXBuildFile; fileRef = OBJ_51 /* ArgumentDecoder.swift */; };
		OBJ_110 /* ArgumentDefinition.swift in Sources */ = {isa = PBXBuildFile; fileRef = OBJ_52 /* ArgumentDefinition.swift */; };
		OBJ_111 /* ArgumentSet.swift in Sources */ = {isa = PBXBuildFile; fileRef = OBJ_53 /* ArgumentSet.swift */; };
		OBJ_112 /* CommandParser.swift in Sources */ = {isa = PBXBuildFile; fileRef = OBJ_54 /* CommandParser.swift */; };
		OBJ_113 /* InputOrigin.swift in Sources */ = {isa = PBXBuildFile; fileRef = OBJ_55 /* InputOrigin.swift */; };
		OBJ_114 /* Name.swift in Sources */ = {isa = PBXBuildFile; fileRef = OBJ_56 /* Name.swift */; };
		OBJ_115 /* Parsed.swift in Sources */ = {isa = PBXBuildFile; fileRef = OBJ_57 /* Parsed.swift */; };
		OBJ_116 /* ParsedValues.swift in Sources */ = {isa = PBXBuildFile; fileRef = OBJ_58 /* ParsedValues.swift */; };
		OBJ_117 /* ParserError.swift in Sources */ = {isa = PBXBuildFile; fileRef = OBJ_59 /* ParserError.swift */; };
		OBJ_118 /* SplitArguments.swift in Sources */ = {isa = PBXBuildFile; fileRef = OBJ_60 /* SplitArguments.swift */; };
		OBJ_119 /* HelpCommand.swift in Sources */ = {isa = PBXBuildFile; fileRef = OBJ_62 /* HelpCommand.swift */; };
		OBJ_120 /* HelpGenerator.swift in Sources */ = {isa = PBXBuildFile; fileRef = OBJ_63 /* HelpGenerator.swift */; };
		OBJ_121 /* MessageInfo.swift in Sources */ = {isa = PBXBuildFile; fileRef = OBJ_64 /* MessageInfo.swift */; };
		OBJ_122 /* UsageGenerator.swift in Sources */ = {isa = PBXBuildFile; fileRef = OBJ_65 /* UsageGenerator.swift */; };
		OBJ_123 /* SequenceExtensions.swift in Sources */ = {isa = PBXBuildFile; fileRef = OBJ_67 /* SequenceExtensions.swift */; };
		OBJ_124 /* StringExtensions.swift in Sources */ = {isa = PBXBuildFile; fileRef = OBJ_68 /* StringExtensions.swift */; };
		OBJ_125 /* Tree.swift in Sources */ = {isa = PBXBuildFile; fileRef = OBJ_69 /* Tree.swift */; };
		OBJ_132 /* main.swift in Sources */ = {isa = PBXBuildFile; fileRef = OBJ_9 /* main.swift */; };
		OBJ_134 /* PuiCore.framework in Frameworks */ = {isa = PBXBuildFile; fileRef = "Pui::PuiCore::Product" /* PuiCore.framework */; };
		OBJ_135 /* Yaml.framework in Frameworks */ = {isa = PBXBuildFile; fileRef = "Yaml::Yaml::Product" /* Yaml.framework */; };
		OBJ_136 /* ArgumentParser.framework in Frameworks */ = {isa = PBXBuildFile; fileRef = "swift-argument-parser::ArgumentParser::Product" /* ArgumentParser.framework */; };
		OBJ_146 /* ArchitectureType.swift in Sources */ = {isa = PBXBuildFile; fileRef = OBJ_12 /* ArchitectureType.swift */; };
		OBJ_147 /* CommandType.swift in Sources */ = {isa = PBXBuildFile; fileRef = OBJ_13 /* CommandType.swift */; };
		OBJ_148 /* PuiCore.swift in Sources */ = {isa = PBXBuildFile; fileRef = OBJ_14 /* PuiCore.swift */; };
		OBJ_149 /* MVCViewControllerTemplate.swift in Sources */ = {isa = PBXBuildFile; fileRef = OBJ_17 /* MVCViewControllerTemplate.swift */; };
		OBJ_150 /* MVCViewTemplate.swift in Sources */ = {isa = PBXBuildFile; fileRef = OBJ_18 /* MVCViewTemplate.swift */; };
		OBJ_151 /* FileOperator.swift in Sources */ = {isa = PBXBuildFile; fileRef = OBJ_20 /* FileOperator.swift */; };
		OBJ_152 /* Helper.swift in Sources */ = {isa = PBXBuildFile; fileRef = OBJ_21 /* Helper.swift */; };
		OBJ_154 /* Yaml.framework in Frameworks */ = {isa = PBXBuildFile; fileRef = "Yaml::Yaml::Product" /* Yaml.framework */; };
		OBJ_155 /* ArgumentParser.framework in Frameworks */ = {isa = PBXBuildFile; fileRef = "swift-argument-parser::ArgumentParser::Product" /* ArgumentParser.framework */; };
		OBJ_163 /* Package.swift in Sources */ = {isa = PBXBuildFile; fileRef = OBJ_6 /* Package.swift */; };
		OBJ_174 /* PuiTests.swift in Sources */ = {isa = PBXBuildFile; fileRef = OBJ_24 /* PuiTests.swift */; };
		OBJ_175 /* XCTestManifests.swift in Sources */ = {isa = PBXBuildFile; fileRef = OBJ_25 /* XCTestManifests.swift */; };
		OBJ_177 /* PuiCore.framework in Frameworks */ = {isa = PBXBuildFile; fileRef = "Pui::PuiCore::Product" /* PuiCore.framework */; };
		OBJ_178 /* Yaml.framework in Frameworks */ = {isa = PBXBuildFile; fileRef = "Yaml::Yaml::Product" /* Yaml.framework */; };
		OBJ_179 /* ArgumentParser.framework in Frameworks */ = {isa = PBXBuildFile; fileRef = "swift-argument-parser::ArgumentParser::Product" /* ArgumentParser.framework */; };
		OBJ_187 /* YAMLOperators.swift in Sources */ = {isa = PBXBuildFile; fileRef = OBJ_73 /* YAMLOperators.swift */; };
		OBJ_188 /* YAMLParser.swift in Sources */ = {isa = PBXBuildFile; fileRef = OBJ_74 /* YAMLParser.swift */; };
		OBJ_189 /* YAMLRegex.swift in Sources */ = {isa = PBXBuildFile; fileRef = OBJ_75 /* YAMLRegex.swift */; };
		OBJ_190 /* YAMLResult.swift in Sources */ = {isa = PBXBuildFile; fileRef = OBJ_76 /* YAMLResult.swift */; };
		OBJ_191 /* YAMLTokenizer.swift in Sources */ = {isa = PBXBuildFile; fileRef = OBJ_77 /* YAMLTokenizer.swift */; };
		OBJ_192 /* Yaml.swift in Sources */ = {isa = PBXBuildFile; fileRef = OBJ_78 /* Yaml.swift */; };
		OBJ_199 /* Package.swift in Sources */ = {isa = PBXBuildFile; fileRef = OBJ_79 /* Package.swift */; };
		OBJ_210 /* Package.swift in Sources */ = {isa = PBXBuildFile; fileRef = OBJ_70 /* Package.swift */; };
		OBJ_91 /* BashCompletionsGenerator.swift in Sources */ = {isa = PBXBuildFile; fileRef = OBJ_30 /* BashCompletionsGenerator.swift */; };
		OBJ_92 /* CompletionsGenerator.swift in Sources */ = {isa = PBXBuildFile; fileRef = OBJ_31 /* CompletionsGenerator.swift */; };
		OBJ_93 /* FishCompletionsGenerator.swift in Sources */ = {isa = PBXBuildFile; fileRef = OBJ_32 /* FishCompletionsGenerator.swift */; };
		OBJ_94 /* ZshCompletionsGenerator.swift in Sources */ = {isa = PBXBuildFile; fileRef = OBJ_33 /* ZshCompletionsGenerator.swift */; };
		OBJ_95 /* Argument.swift in Sources */ = {isa = PBXBuildFile; fileRef = OBJ_35 /* Argument.swift */; };
		OBJ_96 /* ArgumentHelp.swift in Sources */ = {isa = PBXBuildFile; fileRef = OBJ_36 /* ArgumentHelp.swift */; };
		OBJ_97 /* CompletionKind.swift in Sources */ = {isa = PBXBuildFile; fileRef = OBJ_37 /* CompletionKind.swift */; };
		OBJ_98 /* Errors.swift in Sources */ = {isa = PBXBuildFile; fileRef = OBJ_38 /* Errors.swift */; };
		OBJ_99 /* Flag.swift in Sources */ = {isa = PBXBuildFile; fileRef = OBJ_39 /* Flag.swift */; };
/* End PBXBuildFile section */

/* Begin PBXContainerItemProxy section */
		B618EDFC25D568E400EAB72B /* PBXContainerItemProxy */ = {
			isa = PBXContainerItemProxy;
			containerPortal = OBJ_1 /* Project object */;
			proxyType = 1;
			remoteGlobalIDString = "Pui::PuiCore";
			remoteInfo = PuiCore;
		};
		B618EDFD25D568E400EAB72B /* PBXContainerItemProxy */ = {
			isa = PBXContainerItemProxy;
			containerPortal = OBJ_1 /* Project object */;
			proxyType = 1;
			remoteGlobalIDString = "Yaml::Yaml";
			remoteInfo = Yaml;
		};
		B618EDFE25D568E400EAB72B /* PBXContainerItemProxy */ = {
			isa = PBXContainerItemProxy;
			containerPortal = OBJ_1 /* Project object */;
			proxyType = 1;
			remoteGlobalIDString = "swift-argument-parser::ArgumentParser";
			remoteInfo = ArgumentParser;
		};
		B618EDFF25D568E400EAB72B /* PBXContainerItemProxy */ = {
			isa = PBXContainerItemProxy;
			containerPortal = OBJ_1 /* Project object */;
			proxyType = 1;
			remoteGlobalIDString = "Yaml::Yaml";
			remoteInfo = Yaml;
		};
		B618EE0025D568E400EAB72B /* PBXContainerItemProxy */ = {
			isa = PBXContainerItemProxy;
			containerPortal = OBJ_1 /* Project object */;
			proxyType = 1;
			remoteGlobalIDString = "swift-argument-parser::ArgumentParser";
			remoteInfo = ArgumentParser;
		};
		B618EE0125D568E500EAB72B /* PBXContainerItemProxy */ = {
			isa = PBXContainerItemProxy;
			containerPortal = OBJ_1 /* Project object */;
			proxyType = 1;
			remoteGlobalIDString = "Pui::PuiCore";
			remoteInfo = PuiCore;
		};
		B618EE0225D568E500EAB72B /* PBXContainerItemProxy */ = {
			isa = PBXContainerItemProxy;
			containerPortal = OBJ_1 /* Project object */;
			proxyType = 1;
			remoteGlobalIDString = "Yaml::Yaml";
			remoteInfo = Yaml;
		};
		B618EE0325D568E500EAB72B /* PBXContainerItemProxy */ = {
			isa = PBXContainerItemProxy;
			containerPortal = OBJ_1 /* Project object */;
			proxyType = 1;
			remoteGlobalIDString = "swift-argument-parser::ArgumentParser";
			remoteInfo = ArgumentParser;
		};
		B618EE0825D57D0200EAB72B /* PBXContainerItemProxy */ = {
			isa = PBXContainerItemProxy;
			containerPortal = OBJ_1 /* Project object */;
			proxyType = 1;
			remoteGlobalIDString = "Pui::PuiTests";
			remoteInfo = PuiTests;
		};
		B618EE0D25D57D0200EAB72B /* PBXContainerItemProxy */ = {
			isa = PBXContainerItemProxy;
			containerPortal = OBJ_1 /* Project object */;
			proxyType = 1;
			remoteGlobalIDString = "Pui::Pui";
			remoteInfo = Pui;
		};
/* End PBXContainerItemProxy section */

/* Begin PBXFileReference section */
		B618EE1225D5840400EAB72B /* String+.swift */ = {isa = PBXFileReference; lastKnownFileType = sourcecode.swift; path = "String+.swift"; sourceTree = "<group>"; };
		B618EE3D25D5850400EAB72B /* Bash.swift */ = {isa = PBXFileReference; lastKnownFileType = sourcecode.swift; path = Bash.swift; sourceTree = "<group>"; };
		B618EE5425D58A3C00EAB72B /* Template.swift */ = {isa = PBXFileReference; lastKnownFileType = sourcecode.swift; path = Template.swift; sourceTree = "<group>"; };
		B618EE6C25D58CA700EAB72B /* Component.swift */ = {isa = PBXFileReference; lastKnownFileType = sourcecode.swift; path = Component.swift; sourceTree = "<group>"; };
		OBJ_12 /* ArchitectureType.swift */ = {isa = PBXFileReference; lastKnownFileType = sourcecode.swift; path = "\U0010ArchitectureType.swift"; sourceTree = "<group>"; };
		OBJ_13 /* CommandType.swift */ = {isa = PBXFileReference; lastKnownFileType = sourcecode.swift; path = CommandType.swift; sourceTree = "<group>"; };
		OBJ_14 /* PuiCore.swift */ = {isa = PBXFileReference; lastKnownFileType = sourcecode.swift; path = PuiCore.swift; sourceTree = "<group>"; };
		OBJ_17 /* MVCViewControllerTemplate.swift */ = {isa = PBXFileReference; lastKnownFileType = sourcecode.swift; path = MVCViewControllerTemplate.swift; sourceTree = "<group>"; };
		OBJ_18 /* MVCViewTemplate.swift */ = {isa = PBXFileReference; lastKnownFileType = sourcecode.swift; path = MVCViewTemplate.swift; sourceTree = "<group>"; };
		OBJ_20 /* FileOperator.swift */ = {isa = PBXFileReference; lastKnownFileType = sourcecode.swift; path = FileOperator.swift; sourceTree = "<group>"; };
		OBJ_21 /* Helper.swift */ = {isa = PBXFileReference; lastKnownFileType = sourcecode.swift; path = Helper.swift; sourceTree = "<group>"; };
		OBJ_24 /* PuiTests.swift */ = {isa = PBXFileReference; lastKnownFileType = sourcecode.swift; path = PuiTests.swift; sourceTree = "<group>"; };
		OBJ_25 /* XCTestManifests.swift */ = {isa = PBXFileReference; lastKnownFileType = sourcecode.swift; path = XCTestManifests.swift; sourceTree = "<group>"; };
		OBJ_30 /* BashCompletionsGenerator.swift */ = {isa = PBXFileReference; lastKnownFileType = sourcecode.swift; path = BashCompletionsGenerator.swift; sourceTree = "<group>"; };
		OBJ_31 /* CompletionsGenerator.swift */ = {isa = PBXFileReference; lastKnownFileType = sourcecode.swift; path = CompletionsGenerator.swift; sourceTree = "<group>"; };
		OBJ_32 /* FishCompletionsGenerator.swift */ = {isa = PBXFileReference; lastKnownFileType = sourcecode.swift; path = FishCompletionsGenerator.swift; sourceTree = "<group>"; };
		OBJ_33 /* ZshCompletionsGenerator.swift */ = {isa = PBXFileReference; lastKnownFileType = sourcecode.swift; path = ZshCompletionsGenerator.swift; sourceTree = "<group>"; };
		OBJ_35 /* Argument.swift */ = {isa = PBXFileReference; lastKnownFileType = sourcecode.swift; path = Argument.swift; sourceTree = "<group>"; };
		OBJ_36 /* ArgumentHelp.swift */ = {isa = PBXFileReference; lastKnownFileType = sourcecode.swift; path = ArgumentHelp.swift; sourceTree = "<group>"; };
		OBJ_37 /* CompletionKind.swift */ = {isa = PBXFileReference; lastKnownFileType = sourcecode.swift; path = CompletionKind.swift; sourceTree = "<group>"; };
		OBJ_38 /* Errors.swift */ = {isa = PBXFileReference; lastKnownFileType = sourcecode.swift; path = Errors.swift; sourceTree = "<group>"; };
		OBJ_39 /* Flag.swift */ = {isa = PBXFileReference; lastKnownFileType = sourcecode.swift; path = Flag.swift; sourceTree = "<group>"; };
		OBJ_40 /* NameSpecification.swift */ = {isa = PBXFileReference; lastKnownFileType = sourcecode.swift; path = NameSpecification.swift; sourceTree = "<group>"; };
		OBJ_41 /* Option.swift */ = {isa = PBXFileReference; lastKnownFileType = sourcecode.swift; path = Option.swift; sourceTree = "<group>"; };
		OBJ_42 /* OptionGroup.swift */ = {isa = PBXFileReference; lastKnownFileType = sourcecode.swift; path = OptionGroup.swift; sourceTree = "<group>"; };
		OBJ_44 /* CommandConfiguration.swift */ = {isa = PBXFileReference; lastKnownFileType = sourcecode.swift; path = CommandConfiguration.swift; sourceTree = "<group>"; };
		OBJ_45 /* EnumerableFlag.swift */ = {isa = PBXFileReference; lastKnownFileType = sourcecode.swift; path = EnumerableFlag.swift; sourceTree = "<group>"; };
		OBJ_46 /* ExpressibleByArgument.swift */ = {isa = PBXFileReference; lastKnownFileType = sourcecode.swift; path = ExpressibleByArgument.swift; sourceTree = "<group>"; };
		OBJ_47 /* ParsableArguments.swift */ = {isa = PBXFileReference; lastKnownFileType = sourcecode.swift; path = ParsableArguments.swift; sourceTree = "<group>"; };
		OBJ_48 /* ParsableArgumentsValidation.swift */ = {isa = PBXFileReference; lastKnownFileType = sourcecode.swift; path = ParsableArgumentsValidation.swift; sourceTree = "<group>"; };
		OBJ_49 /* ParsableCommand.swift */ = {isa = PBXFileReference; lastKnownFileType = sourcecode.swift; path = ParsableCommand.swift; sourceTree = "<group>"; };
		OBJ_51 /* ArgumentDecoder.swift */ = {isa = PBXFileReference; lastKnownFileType = sourcecode.swift; path = ArgumentDecoder.swift; sourceTree = "<group>"; };
		OBJ_52 /* ArgumentDefinition.swift */ = {isa = PBXFileReference; lastKnownFileType = sourcecode.swift; path = ArgumentDefinition.swift; sourceTree = "<group>"; };
		OBJ_53 /* ArgumentSet.swift */ = {isa = PBXFileReference; lastKnownFileType = sourcecode.swift; path = ArgumentSet.swift; sourceTree = "<group>"; };
		OBJ_54 /* CommandParser.swift */ = {isa = PBXFileReference; lastKnownFileType = sourcecode.swift; path = CommandParser.swift; sourceTree = "<group>"; };
		OBJ_55 /* InputOrigin.swift */ = {isa = PBXFileReference; lastKnownFileType = sourcecode.swift; path = InputOrigin.swift; sourceTree = "<group>"; };
		OBJ_56 /* Name.swift */ = {isa = PBXFileReference; lastKnownFileType = sourcecode.swift; path = Name.swift; sourceTree = "<group>"; };
		OBJ_57 /* Parsed.swift */ = {isa = PBXFileReference; lastKnownFileType = sourcecode.swift; path = Parsed.swift; sourceTree = "<group>"; };
		OBJ_58 /* ParsedValues.swift */ = {isa = PBXFileReference; lastKnownFileType = sourcecode.swift; path = ParsedValues.swift; sourceTree = "<group>"; };
		OBJ_59 /* ParserError.swift */ = {isa = PBXFileReference; lastKnownFileType = sourcecode.swift; path = ParserError.swift; sourceTree = "<group>"; };
		OBJ_6 /* Package.swift */ = {isa = PBXFileReference; explicitFileType = sourcecode.swift; path = Package.swift; sourceTree = "<group>"; };
		OBJ_60 /* SplitArguments.swift */ = {isa = PBXFileReference; lastKnownFileType = sourcecode.swift; path = SplitArguments.swift; sourceTree = "<group>"; };
		OBJ_62 /* HelpCommand.swift */ = {isa = PBXFileReference; lastKnownFileType = sourcecode.swift; path = HelpCommand.swift; sourceTree = "<group>"; };
		OBJ_63 /* HelpGenerator.swift */ = {isa = PBXFileReference; lastKnownFileType = sourcecode.swift; path = HelpGenerator.swift; sourceTree = "<group>"; };
		OBJ_64 /* MessageInfo.swift */ = {isa = PBXFileReference; lastKnownFileType = sourcecode.swift; path = MessageInfo.swift; sourceTree = "<group>"; };
		OBJ_65 /* UsageGenerator.swift */ = {isa = PBXFileReference; lastKnownFileType = sourcecode.swift; path = UsageGenerator.swift; sourceTree = "<group>"; };
		OBJ_67 /* SequenceExtensions.swift */ = {isa = PBXFileReference; lastKnownFileType = sourcecode.swift; path = SequenceExtensions.swift; sourceTree = "<group>"; };
		OBJ_68 /* StringExtensions.swift */ = {isa = PBXFileReference; lastKnownFileType = sourcecode.swift; path = StringExtensions.swift; sourceTree = "<group>"; };
		OBJ_69 /* Tree.swift */ = {isa = PBXFileReference; lastKnownFileType = sourcecode.swift; path = Tree.swift; sourceTree = "<group>"; };
		OBJ_70 /* Package.swift */ = {isa = PBXFileReference; explicitFileType = sourcecode.swift; name = Package.swift; path = "/Users/sakiyamak/Documents/github/ios/001_Library/Pui/.build/checkouts/swift-argument-parser/Package.swift"; sourceTree = "<group>"; };
		OBJ_73 /* YAMLOperators.swift */ = {isa = PBXFileReference; lastKnownFileType = sourcecode.swift; path = YAMLOperators.swift; sourceTree = "<group>"; };
		OBJ_74 /* YAMLParser.swift */ = {isa = PBXFileReference; lastKnownFileType = sourcecode.swift; path = YAMLParser.swift; sourceTree = "<group>"; };
		OBJ_75 /* YAMLRegex.swift */ = {isa = PBXFileReference; lastKnownFileType = sourcecode.swift; path = YAMLRegex.swift; sourceTree = "<group>"; };
		OBJ_76 /* YAMLResult.swift */ = {isa = PBXFileReference; lastKnownFileType = sourcecode.swift; path = YAMLResult.swift; sourceTree = "<group>"; };
		OBJ_77 /* YAMLTokenizer.swift */ = {isa = PBXFileReference; lastKnownFileType = sourcecode.swift; path = YAMLTokenizer.swift; sourceTree = "<group>"; };
		OBJ_78 /* Yaml.swift */ = {isa = PBXFileReference; lastKnownFileType = sourcecode.swift; path = Yaml.swift; sourceTree = "<group>"; };
		OBJ_79 /* Package.swift */ = {isa = PBXFileReference; explicitFileType = sourcecode.swift; name = Package.swift; path = /Users/sakiyamak/Documents/github/ios/001_Library/Pui/.build/checkouts/YamlSwift/Package.swift; sourceTree = "<group>"; };
		OBJ_9 /* main.swift */ = {isa = PBXFileReference; lastKnownFileType = sourcecode.swift; path = main.swift; sourceTree = "<group>"; };
		"Pui::Pui::Product" /* Pui */ = {isa = PBXFileReference; lastKnownFileType = text; path = Pui; sourceTree = BUILT_PRODUCTS_DIR; };
		"Pui::PuiCore::Product" /* PuiCore.framework */ = {isa = PBXFileReference; lastKnownFileType = wrapper.framework; path = PuiCore.framework; sourceTree = BUILT_PRODUCTS_DIR; };
		"Pui::PuiTests::Product" /* PuiTests.xctest */ = {isa = PBXFileReference; lastKnownFileType = file; path = PuiTests.xctest; sourceTree = BUILT_PRODUCTS_DIR; };
		"Yaml::Yaml::Product" /* Yaml.framework */ = {isa = PBXFileReference; lastKnownFileType = wrapper.framework; path = Yaml.framework; sourceTree = BUILT_PRODUCTS_DIR; };
		"swift-argument-parser::ArgumentParser::Product" /* ArgumentParser.framework */ = {isa = PBXFileReference; lastKnownFileType = wrapper.framework; path = ArgumentParser.framework; sourceTree = BUILT_PRODUCTS_DIR; };
/* End PBXFileReference section */

/* Begin PBXFrameworksBuildPhase section */
		OBJ_126 /* Frameworks */ = {
			isa = PBXFrameworksBuildPhase;
			buildActionMask = 0;
			files = (
			);
			runOnlyForDeploymentPostprocessing = 0;
		};
		OBJ_133 /* Frameworks */ = {
			isa = PBXFrameworksBuildPhase;
			buildActionMask = 0;
			files = (
				OBJ_134 /* PuiCore.framework in Frameworks */,
				OBJ_135 /* Yaml.framework in Frameworks */,
				OBJ_136 /* ArgumentParser.framework in Frameworks */,
			);
			runOnlyForDeploymentPostprocessing = 0;
		};
		OBJ_153 /* Frameworks */ = {
			isa = PBXFrameworksBuildPhase;
			buildActionMask = 0;
			files = (
				OBJ_154 /* Yaml.framework in Frameworks */,
				OBJ_155 /* ArgumentParser.framework in Frameworks */,
			);
			runOnlyForDeploymentPostprocessing = 0;
		};
		OBJ_176 /* Frameworks */ = {
			isa = PBXFrameworksBuildPhase;
			buildActionMask = 0;
			files = (
				OBJ_177 /* PuiCore.framework in Frameworks */,
				OBJ_178 /* Yaml.framework in Frameworks */,
				OBJ_179 /* ArgumentParser.framework in Frameworks */,
			);
			runOnlyForDeploymentPostprocessing = 0;
		};
		OBJ_193 /* Frameworks */ = {
			isa = PBXFrameworksBuildPhase;
			buildActionMask = 0;
			files = (
			);
			runOnlyForDeploymentPostprocessing = 0;
		};
/* End PBXFrameworksBuildPhase section */

/* Begin PBXGroup section */
		B618EE1025D583E800EAB72B /* Extension */ = {
			isa = PBXGroup;
			children = (
				B618EE1225D5840400EAB72B /* String+.swift */,
			);
			path = Extension;
			sourceTree = "<group>";
		};
		B618EE6B25D58C9300EAB72B /* Component */ = {
			isa = PBXGroup;
			children = (
				B618EE6C25D58CA700EAB72B /* Component.swift */,
			);
			path = Component;
			sourceTree = "<group>";
		};
		OBJ_10 /* PuiCore */ = {
			isa = PBXGroup;
			children = (
				B618EE6B25D58C9300EAB72B /* Component */,
				B618EE1025D583E800EAB72B /* Extension */,
				OBJ_11 /* Paramter */,
				OBJ_14 /* PuiCore.swift */,
				OBJ_15 /* Template */,
				OBJ_19 /* Utility */,
			);
			name = PuiCore;
			path = Sources/PuiCore;
			sourceTree = SOURCE_ROOT;
		};
		OBJ_11 /* Paramter */ = {
			isa = PBXGroup;
			children = (
				OBJ_12 /* ArchitectureType.swift */,
				OBJ_13 /* CommandType.swift */,
			);
			path = Paramter;
			sourceTree = "<group>";
		};
		OBJ_15 /* Template */ = {
			isa = PBXGroup;
			children = (
				OBJ_16 /* MVC */,
				B618EE5425D58A3C00EAB72B /* Template.swift */,
			);
			path = Template;
			sourceTree = "<group>";
		};
		OBJ_16 /* MVC */ = {
			isa = PBXGroup;
			children = (
				OBJ_17 /* MVCViewControllerTemplate.swift */,
				OBJ_18 /* MVCViewTemplate.swift */,
			);
			path = MVC;
			sourceTree = "<group>";
		};
		OBJ_19 /* Utility */ = {
			isa = PBXGroup;
			children = (
				OBJ_20 /* FileOperator.swift */,
				OBJ_21 /* Helper.swift */,
				B618EE3D25D5850400EAB72B /* Bash.swift */,
			);
			path = Utility;
			sourceTree = "<group>";
		};
		OBJ_22 /* Tests */ = {
			isa = PBXGroup;
			children = (
				OBJ_23 /* PuiTests */,
			);
			name = Tests;
			sourceTree = SOURCE_ROOT;
		};
		OBJ_23 /* PuiTests */ = {
			isa = PBXGroup;
			children = (
				OBJ_24 /* PuiTests.swift */,
				OBJ_25 /* XCTestManifests.swift */,
			);
			name = PuiTests;
			path = Tests/PuiTests;
			sourceTree = SOURCE_ROOT;
		};
		OBJ_26 /* Dependencies */ = {
			isa = PBXGroup;
			children = (
				OBJ_27 /* swift-argument-parser 0.3.2 */,
				OBJ_71 /* Yaml 3.4.4 */,
			);
			name = Dependencies;
			sourceTree = "<group>";
		};
		OBJ_27 /* swift-argument-parser 0.3.2 */ = {
			isa = PBXGroup;
			children = (
				OBJ_28 /* ArgumentParser */,
				OBJ_70 /* Package.swift */,
			);
			name = "swift-argument-parser 0.3.2";
			sourceTree = SOURCE_ROOT;
		};
		OBJ_28 /* ArgumentParser */ = {
			isa = PBXGroup;
			children = (
				OBJ_29 /* Completions */,
				OBJ_34 /* Parsable Properties */,
				OBJ_43 /* Parsable Types */,
				OBJ_50 /* Parsing */,
				OBJ_61 /* Usage */,
				OBJ_66 /* Utilities */,
			);
			name = ArgumentParser;
			path = ".build/checkouts/swift-argument-parser/Sources/ArgumentParser";
			sourceTree = SOURCE_ROOT;
		};
		OBJ_29 /* Completions */ = {
			isa = PBXGroup;
			children = (
				OBJ_30 /* BashCompletionsGenerator.swift */,
				OBJ_31 /* CompletionsGenerator.swift */,
				OBJ_32 /* FishCompletionsGenerator.swift */,
				OBJ_33 /* ZshCompletionsGenerator.swift */,
			);
			path = Completions;
			sourceTree = "<group>";
		};
		OBJ_34 /* Parsable Properties */ = {
			isa = PBXGroup;
			children = (
				OBJ_35 /* Argument.swift */,
				OBJ_36 /* ArgumentHelp.swift */,
				OBJ_37 /* CompletionKind.swift */,
				OBJ_38 /* Errors.swift */,
				OBJ_39 /* Flag.swift */,
				OBJ_40 /* NameSpecification.swift */,
				OBJ_41 /* Option.swift */,
				OBJ_42 /* OptionGroup.swift */,
			);
			path = "Parsable Properties";
			sourceTree = "<group>";
		};
		OBJ_43 /* Parsable Types */ = {
			isa = PBXGroup;
			children = (
				OBJ_44 /* CommandConfiguration.swift */,
				OBJ_45 /* EnumerableFlag.swift */,
				OBJ_46 /* ExpressibleByArgument.swift */,
				OBJ_47 /* ParsableArguments.swift */,
				OBJ_48 /* ParsableArgumentsValidation.swift */,
				OBJ_49 /* ParsableCommand.swift */,
			);
			path = "Parsable Types";
			sourceTree = "<group>";
		};
		OBJ_5 /*  */ = {
			isa = PBXGroup;
			children = (
				OBJ_6 /* Package.swift */,
				OBJ_7 /* Sources */,
				OBJ_22 /* Tests */,
				OBJ_26 /* Dependencies */,
				OBJ_80 /* Products */,
			);
			name = "";
			sourceTree = "<group>";
		};
		OBJ_50 /* Parsing */ = {
			isa = PBXGroup;
			children = (
				OBJ_51 /* ArgumentDecoder.swift */,
				OBJ_52 /* ArgumentDefinition.swift */,
				OBJ_53 /* ArgumentSet.swift */,
				OBJ_54 /* CommandParser.swift */,
				OBJ_55 /* InputOrigin.swift */,
				OBJ_56 /* Name.swift */,
				OBJ_57 /* Parsed.swift */,
				OBJ_58 /* ParsedValues.swift */,
				OBJ_59 /* ParserError.swift */,
				OBJ_60 /* SplitArguments.swift */,
			);
			path = Parsing;
			sourceTree = "<group>";
		};
		OBJ_61 /* Usage */ = {
			isa = PBXGroup;
			children = (
				OBJ_62 /* HelpCommand.swift */,
				OBJ_63 /* HelpGenerator.swift */,
				OBJ_64 /* MessageInfo.swift */,
				OBJ_65 /* UsageGenerator.swift */,
			);
			path = Usage;
			sourceTree = "<group>";
		};
		OBJ_66 /* Utilities */ = {
			isa = PBXGroup;
			children = (
				OBJ_67 /* SequenceExtensions.swift */,
				OBJ_68 /* StringExtensions.swift */,
				OBJ_69 /* Tree.swift */,
			);
			path = Utilities;
			sourceTree = "<group>";
		};
		OBJ_7 /* Sources */ = {
			isa = PBXGroup;
			children = (
				OBJ_8 /* Pui */,
				OBJ_10 /* PuiCore */,
			);
			name = Sources;
			sourceTree = SOURCE_ROOT;
		};
		OBJ_71 /* Yaml 3.4.4 */ = {
			isa = PBXGroup;
			children = (
				OBJ_72 /* Yaml */,
				OBJ_79 /* Package.swift */,
			);
			name = "Yaml 3.4.4";
			sourceTree = SOURCE_ROOT;
		};
		OBJ_72 /* Yaml */ = {
			isa = PBXGroup;
			children = (
				OBJ_73 /* YAMLOperators.swift */,
				OBJ_74 /* YAMLParser.swift */,
				OBJ_75 /* YAMLRegex.swift */,
				OBJ_76 /* YAMLResult.swift */,
				OBJ_77 /* YAMLTokenizer.swift */,
				OBJ_78 /* Yaml.swift */,
			);
			name = Yaml;
			path = .build/checkouts/YamlSwift/Sources/Yaml;
			sourceTree = SOURCE_ROOT;
		};
		OBJ_8 /* Pui */ = {
			isa = PBXGroup;
			children = (
				OBJ_9 /* main.swift */,
			);
			name = Pui;
			path = Sources/Pui;
			sourceTree = SOURCE_ROOT;
		};
		OBJ_80 /* Products */ = {
			isa = PBXGroup;
			children = (
				"Pui::PuiTests::Product" /* PuiTests.xctest */,
				"swift-argument-parser::ArgumentParser::Product" /* ArgumentParser.framework */,
				"Pui::PuiCore::Product" /* PuiCore.framework */,
				"Yaml::Yaml::Product" /* Yaml.framework */,
				"Pui::Pui::Product" /* Pui */,
			);
			name = Products;
			sourceTree = BUILT_PRODUCTS_DIR;
		};
/* End PBXGroup section */

/* Begin PBXNativeTarget section */
		"Pui::Pui" /* Pui */ = {
			isa = PBXNativeTarget;
			buildConfigurationList = OBJ_128 /* Build configuration list for PBXNativeTarget "Pui" */;
			buildPhases = (
				OBJ_131 /* Sources */,
				OBJ_133 /* Frameworks */,
			);
			buildRules = (
			);
			dependencies = (
				OBJ_137 /* PBXTargetDependency */,
				OBJ_139 /* PBXTargetDependency */,
				OBJ_141 /* PBXTargetDependency */,
			);
			name = Pui;
			productName = Pui;
			productReference = "Pui::Pui::Product" /* Pui */;
			productType = "com.apple.product-type.tool";
		};
		"Pui::PuiCore" /* PuiCore */ = {
			isa = PBXNativeTarget;
			buildConfigurationList = OBJ_142 /* Build configuration list for PBXNativeTarget "PuiCore" */;
			buildPhases = (
				OBJ_145 /* Sources */,
				OBJ_153 /* Frameworks */,
			);
			buildRules = (
			);
			dependencies = (
				OBJ_156 /* PBXTargetDependency */,
				OBJ_157 /* PBXTargetDependency */,
			);
			name = PuiCore;
			productName = PuiCore;
			productReference = "Pui::PuiCore::Product" /* PuiCore.framework */;
			productType = "com.apple.product-type.framework";
		};
		"Pui::PuiTests" /* PuiTests */ = {
			isa = PBXNativeTarget;
			buildConfigurationList = OBJ_170 /* Build configuration list for PBXNativeTarget "PuiTests" */;
			buildPhases = (
				OBJ_173 /* Sources */,
				OBJ_176 /* Frameworks */,
			);
			buildRules = (
			);
			dependencies = (
				OBJ_180 /* PBXTargetDependency */,
				OBJ_181 /* PBXTargetDependency */,
				OBJ_182 /* PBXTargetDependency */,
			);
			name = PuiTests;
			productName = PuiTests;
			productReference = "Pui::PuiTests::Product" /* PuiTests.xctest */;
			productType = "com.apple.product-type.bundle.unit-test";
		};
		"Pui::SwiftPMPackageDescription" /* PuiPackageDescription */ = {
			isa = PBXNativeTarget;
			buildConfigurationList = OBJ_159 /* Build configuration list for PBXNativeTarget "PuiPackageDescription" */;
			buildPhases = (
				OBJ_162 /* Sources */,
			);
			buildRules = (
			);
			dependencies = (
			);
			name = PuiPackageDescription;
			productName = PuiPackageDescription;
			productType = "com.apple.product-type.framework";
		};
		"Yaml::SwiftPMPackageDescription" /* YamlPackageDescription */ = {
			isa = PBXNativeTarget;
			buildConfigurationList = OBJ_195 /* Build configuration list for PBXNativeTarget "YamlPackageDescription" */;
			buildPhases = (
				OBJ_198 /* Sources */,
			);
			buildRules = (
			);
			dependencies = (
			);
			name = YamlPackageDescription;
			productName = YamlPackageDescription;
			productType = "com.apple.product-type.framework";
		};
		"Yaml::Yaml" /* Yaml */ = {
			isa = PBXNativeTarget;
			buildConfigurationList = OBJ_183 /* Build configuration list for PBXNativeTarget "Yaml" */;
			buildPhases = (
				OBJ_186 /* Sources */,
				OBJ_193 /* Frameworks */,
			);
			buildRules = (
			);
			dependencies = (
			);
			name = Yaml;
			productName = Yaml;
			productReference = "Yaml::Yaml::Product" /* Yaml.framework */;
			productType = "com.apple.product-type.framework";
		};
		"swift-argument-parser::ArgumentParser" /* ArgumentParser */ = {
			isa = PBXNativeTarget;
			buildConfigurationList = OBJ_87 /* Build configuration list for PBXNativeTarget "ArgumentParser" */;
			buildPhases = (
				OBJ_90 /* Sources */,
				OBJ_126 /* Frameworks */,
			);
			buildRules = (
			);
			dependencies = (
			);
			name = ArgumentParser;
			productName = ArgumentParser;
			productReference = "swift-argument-parser::ArgumentParser::Product" /* ArgumentParser.framework */;
			productType = "com.apple.product-type.framework";
		};
		"swift-argument-parser::SwiftPMPackageDescription" /* swift-argument-parserPackageDescription */ = {
			isa = PBXNativeTarget;
			buildConfigurationList = OBJ_206 /* Build configuration list for PBXNativeTarget "swift-argument-parserPackageDescription" */;
			buildPhases = (
				OBJ_209 /* Sources */,
			);
			buildRules = (
			);
			dependencies = (
			);
			name = "swift-argument-parserPackageDescription";
			productName = "swift-argument-parserPackageDescription";
			productType = "com.apple.product-type.framework";
		};
/* End PBXNativeTarget section */

/* Begin PBXProject section */
		OBJ_1 /* Project object */ = {
			isa = PBXProject;
			attributes = {
				LastSwiftMigration = 9999;
				LastUpgradeCheck = 9999;
			};
			buildConfigurationList = OBJ_2 /* Build configuration list for PBXProject "Pui" */;
			compatibilityVersion = "Xcode 3.2";
			developmentRegion = en;
			hasScannedForEncodings = 0;
			knownRegions = (
				en,
			);
			mainGroup = OBJ_5 /*  */;
			productRefGroup = OBJ_80 /* Products */;
			projectDirPath = "";
			projectRoot = "";
			targets = (
				"swift-argument-parser::ArgumentParser" /* ArgumentParser */,
				"Pui::Pui" /* Pui */,
				"Pui::PuiCore" /* PuiCore */,
				"Pui::SwiftPMPackageDescription" /* PuiPackageDescription */,
				"Pui::PuiPackageTests::ProductTarget" /* PuiPackageTests */,
				"Pui::PuiTests" /* PuiTests */,
				"Yaml::Yaml" /* Yaml */,
				"Yaml::SwiftPMPackageDescription" /* YamlPackageDescription */,
				"Pui::pui::ProductTarget" /* pui */,
				"swift-argument-parser::SwiftPMPackageDescription" /* swift-argument-parserPackageDescription */,
			);
		};
/* End PBXProject section */

/* Begin PBXSourcesBuildPhase section */
		OBJ_131 /* Sources */ = {
			isa = PBXSourcesBuildPhase;
			buildActionMask = 0;
			files = (
				OBJ_132 /* main.swift in Sources */,
			);
			runOnlyForDeploymentPostprocessing = 0;
		};
		OBJ_145 /* Sources */ = {
			isa = PBXSourcesBuildPhase;
			buildActionMask = 0;
			files = (
				B618EE8D25D590F700EAB72B /* Component.swift in Sources */,
				B618EE6025D58A4D00EAB72B /* Template.swift in Sources */,
				B618EE4925D5851900EAB72B /* Bash.swift in Sources */,
				B618EE3225D5845700EAB72B /* String+.swift in Sources */,
				OBJ_146 /* ArchitectureType.swift in Sources */,
				OBJ_147 /* CommandType.swift in Sources */,
				OBJ_148 /* PuiCore.swift in Sources */,
				OBJ_149 /* MVCViewControllerTemplate.swift in Sources */,
				OBJ_150 /* MVCViewTemplate.swift in Sources */,
				OBJ_151 /* FileOperator.swift in Sources */,
				OBJ_152 /* Helper.swift in Sources */,
			);
			runOnlyForDeploymentPostprocessing = 0;
		};
		OBJ_162 /* Sources */ = {
			isa = PBXSourcesBuildPhase;
			buildActionMask = 0;
			files = (
				OBJ_163 /* Package.swift in Sources */,
			);
			runOnlyForDeploymentPostprocessing = 0;
		};
		OBJ_173 /* Sources */ = {
			isa = PBXSourcesBuildPhase;
			buildActionMask = 0;
			files = (
				OBJ_174 /* PuiTests.swift in Sources */,
				OBJ_175 /* XCTestManifests.swift in Sources */,
			);
			runOnlyForDeploymentPostprocessing = 0;
		};
		OBJ_186 /* Sources */ = {
			isa = PBXSourcesBuildPhase;
			buildActionMask = 0;
			files = (
				OBJ_187 /* YAMLOperators.swift in Sources */,
				OBJ_188 /* YAMLParser.swift in Sources */,
				OBJ_189 /* YAMLRegex.swift in Sources */,
				OBJ_190 /* YAMLResult.swift in Sources */,
				OBJ_191 /* YAMLTokenizer.swift in Sources */,
				OBJ_192 /* Yaml.swift in Sources */,
			);
			runOnlyForDeploymentPostprocessing = 0;
		};
		OBJ_198 /* Sources */ = {
			isa = PBXSourcesBuildPhase;
			buildActionMask = 0;
			files = (
				OBJ_199 /* Package.swift in Sources */,
			);
			runOnlyForDeploymentPostprocessing = 0;
		};
		OBJ_209 /* Sources */ = {
			isa = PBXSourcesBuildPhase;
			buildActionMask = 0;
			files = (
				OBJ_210 /* Package.swift in Sources */,
			);
			runOnlyForDeploymentPostprocessing = 0;
		};
		OBJ_90 /* Sources */ = {
			isa = PBXSourcesBuildPhase;
			buildActionMask = 0;
			files = (
				OBJ_91 /* BashCompletionsGenerator.swift in Sources */,
				OBJ_92 /* CompletionsGenerator.swift in Sources */,
				OBJ_93 /* FishCompletionsGenerator.swift in Sources */,
				OBJ_94 /* ZshCompletionsGenerator.swift in Sources */,
				OBJ_95 /* Argument.swift in Sources */,
				OBJ_96 /* ArgumentHelp.swift in Sources */,
				OBJ_97 /* CompletionKind.swift in Sources */,
				OBJ_98 /* Errors.swift in Sources */,
				OBJ_99 /* Flag.swift in Sources */,
				OBJ_100 /* NameSpecification.swift in Sources */,
				B618EE1325D5840400EAB72B /* String+.swift in Sources */,
				OBJ_101 /* Option.swift in Sources */,
				OBJ_102 /* OptionGroup.swift in Sources */,
				OBJ_103 /* CommandConfiguration.swift in Sources */,
				OBJ_104 /* EnumerableFlag.swift in Sources */,
				OBJ_105 /* ExpressibleByArgument.swift in Sources */,
				OBJ_106 /* ParsableArguments.swift in Sources */,
				OBJ_107 /* ParsableArgumentsValidation.swift in Sources */,
				OBJ_108 /* ParsableCommand.swift in Sources */,
				B618EE6D25D58CA700EAB72B /* Component.swift in Sources */,
				OBJ_109 /* ArgumentDecoder.swift in Sources */,
				OBJ_110 /* ArgumentDefinition.swift in Sources */,
				OBJ_111 /* ArgumentSet.swift in Sources */,
				OBJ_112 /* CommandParser.swift in Sources */,
				OBJ_113 /* InputOrigin.swift in Sources */,
				OBJ_114 /* Name.swift in Sources */,
				OBJ_115 /* Parsed.swift in Sources */,
				OBJ_116 /* ParsedValues.swift in Sources */,
				OBJ_117 /* ParserError.swift in Sources */,
				OBJ_118 /* SplitArguments.swift in Sources */,
				OBJ_119 /* HelpCommand.swift in Sources */,
				OBJ_120 /* HelpGenerator.swift in Sources */,
				OBJ_121 /* MessageInfo.swift in Sources */,
				OBJ_122 /* UsageGenerator.swift in Sources */,
				OBJ_123 /* SequenceExtensions.swift in Sources */,
				OBJ_124 /* StringExtensions.swift in Sources */,
				B618EE5525D58A3C00EAB72B /* Template.swift in Sources */,
				OBJ_125 /* Tree.swift in Sources */,
				B618EE3E25D5850400EAB72B /* Bash.swift in Sources */,
			);
			runOnlyForDeploymentPostprocessing = 0;
		};
/* End PBXSourcesBuildPhase section */

/* Begin PBXTargetDependency section */
		OBJ_137 /* PBXTargetDependency */ = {
			isa = PBXTargetDependency;
			target = "Pui::PuiCore" /* PuiCore */;
			targetProxy = B618EDFC25D568E400EAB72B /* PBXContainerItemProxy */;
		};
		OBJ_139 /* PBXTargetDependency */ = {
			isa = PBXTargetDependency;
			target = "Yaml::Yaml" /* Yaml */;
			targetProxy = B618EDFF25D568E400EAB72B /* PBXContainerItemProxy */;
		};
		OBJ_141 /* PBXTargetDependency */ = {
			isa = PBXTargetDependency;
			target = "swift-argument-parser::ArgumentParser" /* ArgumentParser */;
			targetProxy = B618EE0025D568E400EAB72B /* PBXContainerItemProxy */;
		};
		OBJ_156 /* PBXTargetDependency */ = {
			isa = PBXTargetDependency;
			target = "Yaml::Yaml" /* Yaml */;
			targetProxy = B618EDFD25D568E400EAB72B /* PBXContainerItemProxy */;
		};
		OBJ_157 /* PBXTargetDependency */ = {
			isa = PBXTargetDependency;
			target = "swift-argument-parser::ArgumentParser" /* ArgumentParser */;
			targetProxy = B618EDFE25D568E400EAB72B /* PBXContainerItemProxy */;
		};
		OBJ_168 /* PBXTargetDependency */ = {
			isa = PBXTargetDependency;
			target = "Pui::PuiTests" /* PuiTests */;
			targetProxy = B618EE0825D57D0200EAB72B /* PBXContainerItemProxy */;
		};
		OBJ_180 /* PBXTargetDependency */ = {
			isa = PBXTargetDependency;
			target = "Pui::PuiCore" /* PuiCore */;
			targetProxy = B618EE0125D568E500EAB72B /* PBXContainerItemProxy */;
		};
		OBJ_181 /* PBXTargetDependency */ = {
			isa = PBXTargetDependency;
			target = "Yaml::Yaml" /* Yaml */;
			targetProxy = B618EE0225D568E500EAB72B /* PBXContainerItemProxy */;
		};
		OBJ_182 /* PBXTargetDependency */ = {
			isa = PBXTargetDependency;
			target = "swift-argument-parser::ArgumentParser" /* ArgumentParser */;
			targetProxy = B618EE0325D568E500EAB72B /* PBXContainerItemProxy */;
		};
		OBJ_204 /* PBXTargetDependency */ = {
			isa = PBXTargetDependency;
			target = "Pui::Pui" /* Pui */;
			targetProxy = B618EE0D25D57D0200EAB72B /* PBXContainerItemProxy */;
		};
/* End PBXTargetDependency section */

/* Begin XCBuildConfiguration section */
		OBJ_129 /* Debug */ = {
			isa = XCBuildConfiguration;
			buildSettings = {
				FRAMEWORK_SEARCH_PATHS = (
					"$(inherited)",
					"$(PLATFORM_DIR)/Developer/Library/Frameworks",
				);
				HEADER_SEARCH_PATHS = "$(inherited)";
				INFOPLIST_FILE = Pui.xcodeproj/Pui_Info.plist;
				IPHONEOS_DEPLOYMENT_TARGET = 9.0;
				LD_RUNPATH_SEARCH_PATHS = "$(inherited) $(TOOLCHAIN_DIR)/usr/lib/swift/macosx @executable_path";
				MACOSX_DEPLOYMENT_TARGET = 10.10;
				OTHER_CFLAGS = "$(inherited)";
				OTHER_LDFLAGS = "$(inherited)";
				OTHER_SWIFT_FLAGS = "$(inherited)";
				SWIFT_ACTIVE_COMPILATION_CONDITIONS = "$(inherited)";
				SWIFT_FORCE_DYNAMIC_LINK_STDLIB = YES;
				SWIFT_FORCE_STATIC_LINK_STDLIB = NO;
				SWIFT_VERSION = 5.0;
				TARGET_NAME = Pui;
				TVOS_DEPLOYMENT_TARGET = 9.0;
				WATCHOS_DEPLOYMENT_TARGET = 2.0;
			};
			name = Debug;
		};
		OBJ_130 /* Release */ = {
			isa = XCBuildConfiguration;
			buildSettings = {
				FRAMEWORK_SEARCH_PATHS = (
					"$(inherited)",
					"$(PLATFORM_DIR)/Developer/Library/Frameworks",
				);
				HEADER_SEARCH_PATHS = "$(inherited)";
				INFOPLIST_FILE = Pui.xcodeproj/Pui_Info.plist;
				IPHONEOS_DEPLOYMENT_TARGET = 9.0;
				LD_RUNPATH_SEARCH_PATHS = "$(inherited) $(TOOLCHAIN_DIR)/usr/lib/swift/macosx @executable_path";
				MACOSX_DEPLOYMENT_TARGET = 10.10;
				OTHER_CFLAGS = "$(inherited)";
				OTHER_LDFLAGS = "$(inherited)";
				OTHER_SWIFT_FLAGS = "$(inherited)";
				SWIFT_ACTIVE_COMPILATION_CONDITIONS = "$(inherited)";
				SWIFT_FORCE_DYNAMIC_LINK_STDLIB = YES;
				SWIFT_FORCE_STATIC_LINK_STDLIB = NO;
				SWIFT_VERSION = 5.0;
				TARGET_NAME = Pui;
				TVOS_DEPLOYMENT_TARGET = 9.0;
				WATCHOS_DEPLOYMENT_TARGET = 2.0;
			};
			name = Release;
		};
		OBJ_143 /* Debug */ = {
			isa = XCBuildConfiguration;
			buildSettings = {
				ENABLE_TESTABILITY = YES;
				FRAMEWORK_SEARCH_PATHS = (
					"$(inherited)",
					"$(PLATFORM_DIR)/Developer/Library/Frameworks",
				);
				HEADER_SEARCH_PATHS = "$(inherited)";
				INFOPLIST_FILE = Pui.xcodeproj/PuiCore_Info.plist;
				IPHONEOS_DEPLOYMENT_TARGET = 9.0;
				LD_RUNPATH_SEARCH_PATHS = "$(inherited) $(TOOLCHAIN_DIR)/usr/lib/swift/macosx";
				MACOSX_DEPLOYMENT_TARGET = 10.10;
				OTHER_CFLAGS = "$(inherited)";
				OTHER_LDFLAGS = "$(inherited)";
				OTHER_SWIFT_FLAGS = "$(inherited)";
				PRODUCT_BUNDLE_IDENTIFIER = PuiCore;
				PRODUCT_MODULE_NAME = "$(TARGET_NAME:c99extidentifier)";
				PRODUCT_NAME = "$(TARGET_NAME:c99extidentifier)";
				SKIP_INSTALL = YES;
				SWIFT_ACTIVE_COMPILATION_CONDITIONS = "$(inherited)";
				SWIFT_VERSION = 5.0;
				TARGET_NAME = PuiCore;
				TVOS_DEPLOYMENT_TARGET = 9.0;
				WATCHOS_DEPLOYMENT_TARGET = 2.0;
			};
			name = Debug;
		};
		OBJ_144 /* Release */ = {
			isa = XCBuildConfiguration;
			buildSettings = {
				ENABLE_TESTABILITY = YES;
				FRAMEWORK_SEARCH_PATHS = (
					"$(inherited)",
					"$(PLATFORM_DIR)/Developer/Library/Frameworks",
				);
				HEADER_SEARCH_PATHS = "$(inherited)";
				INFOPLIST_FILE = Pui.xcodeproj/PuiCore_Info.plist;
				IPHONEOS_DEPLOYMENT_TARGET = 9.0;
				LD_RUNPATH_SEARCH_PATHS = "$(inherited) $(TOOLCHAIN_DIR)/usr/lib/swift/macosx";
				MACOSX_DEPLOYMENT_TARGET = 10.10;
				OTHER_CFLAGS = "$(inherited)";
				OTHER_LDFLAGS = "$(inherited)";
				OTHER_SWIFT_FLAGS = "$(inherited)";
				PRODUCT_BUNDLE_IDENTIFIER = PuiCore;
				PRODUCT_MODULE_NAME = "$(TARGET_NAME:c99extidentifier)";
				PRODUCT_NAME = "$(TARGET_NAME:c99extidentifier)";
				SKIP_INSTALL = YES;
				SWIFT_ACTIVE_COMPILATION_CONDITIONS = "$(inherited)";
				SWIFT_VERSION = 5.0;
				TARGET_NAME = PuiCore;
				TVOS_DEPLOYMENT_TARGET = 9.0;
				WATCHOS_DEPLOYMENT_TARGET = 2.0;
			};
			name = Release;
		};
		OBJ_160 /* Debug */ = {
			isa = XCBuildConfiguration;
			buildSettings = {
				LD = /usr/bin/true;
				OTHER_SWIFT_FLAGS = "-swift-version 5 -I $(TOOLCHAIN_DIR)/usr/lib/swift/pm/4_2 -sdk /Applications/Xcode.app/Contents/Developer/Platforms/MacOSX.platform/Developer/SDKs/MacOSX11.1.sdk -package-description-version 5.3.0";
				SWIFT_VERSION = 5.0;
			};
			name = Debug;
		};
		OBJ_161 /* Release */ = {
			isa = XCBuildConfiguration;
			buildSettings = {
				LD = /usr/bin/true;
				OTHER_SWIFT_FLAGS = "-swift-version 5 -I $(TOOLCHAIN_DIR)/usr/lib/swift/pm/4_2 -sdk /Applications/Xcode.app/Contents/Developer/Platforms/MacOSX.platform/Developer/SDKs/MacOSX11.1.sdk -package-description-version 5.3.0";
				SWIFT_VERSION = 5.0;
			};
			name = Release;
		};
		OBJ_166 /* Debug */ = {
			isa = XCBuildConfiguration;
			buildSettings = {
			};
			name = Debug;
		};
		OBJ_167 /* Release */ = {
			isa = XCBuildConfiguration;
			buildSettings = {
			};
			name = Release;
		};
		OBJ_171 /* Debug */ = {
			isa = XCBuildConfiguration;
			buildSettings = {
				CLANG_ENABLE_MODULES = YES;
				EMBEDDED_CONTENT_CONTAINS_SWIFT = YES;
				FRAMEWORK_SEARCH_PATHS = (
					"$(inherited)",
					"$(PLATFORM_DIR)/Developer/Library/Frameworks",
				);
				HEADER_SEARCH_PATHS = "$(inherited)";
				INFOPLIST_FILE = Pui.xcodeproj/PuiTests_Info.plist;
				IPHONEOS_DEPLOYMENT_TARGET = 14.0;
				LD_RUNPATH_SEARCH_PATHS = "$(inherited) @loader_path/../Frameworks @loader_path/Frameworks";
				MACOSX_DEPLOYMENT_TARGET = 10.15;
				OTHER_CFLAGS = "$(inherited)";
				OTHER_LDFLAGS = "$(inherited)";
				OTHER_SWIFT_FLAGS = "$(inherited)";
				SWIFT_ACTIVE_COMPILATION_CONDITIONS = "$(inherited)";
				SWIFT_VERSION = 5.0;
				TARGET_NAME = PuiTests;
				TVOS_DEPLOYMENT_TARGET = 9.0;
				WATCHOS_DEPLOYMENT_TARGET = 2.0;
			};
			name = Debug;
		};
		OBJ_172 /* Release */ = {
			isa = XCBuildConfiguration;
			buildSettings = {
				CLANG_ENABLE_MODULES = YES;
				EMBEDDED_CONTENT_CONTAINS_SWIFT = YES;
				FRAMEWORK_SEARCH_PATHS = (
					"$(inherited)",
					"$(PLATFORM_DIR)/Developer/Library/Frameworks",
				);
				HEADER_SEARCH_PATHS = "$(inherited)";
				INFOPLIST_FILE = Pui.xcodeproj/PuiTests_Info.plist;
				IPHONEOS_DEPLOYMENT_TARGET = 14.0;
				LD_RUNPATH_SEARCH_PATHS = "$(inherited) @loader_path/../Frameworks @loader_path/Frameworks";
				MACOSX_DEPLOYMENT_TARGET = 10.15;
				OTHER_CFLAGS = "$(inherited)";
				OTHER_LDFLAGS = "$(inherited)";
				OTHER_SWIFT_FLAGS = "$(inherited)";
				SWIFT_ACTIVE_COMPILATION_CONDITIONS = "$(inherited)";
				SWIFT_VERSION = 5.0;
				TARGET_NAME = PuiTests;
				TVOS_DEPLOYMENT_TARGET = 9.0;
				WATCHOS_DEPLOYMENT_TARGET = 2.0;
			};
			name = Release;
		};
		OBJ_184 /* Debug */ = {
			isa = XCBuildConfiguration;
			buildSettings = {
				ENABLE_TESTABILITY = YES;
				FRAMEWORK_SEARCH_PATHS = (
					"$(inherited)",
					"$(PLATFORM_DIR)/Developer/Library/Frameworks",
				);
				HEADER_SEARCH_PATHS = "$(inherited)";
				INFOPLIST_FILE = Pui.xcodeproj/Yaml_Info.plist;
				LD_RUNPATH_SEARCH_PATHS = "$(inherited) $(TOOLCHAIN_DIR)/usr/lib/swift/macosx";
				OTHER_CFLAGS = "$(inherited)";
				OTHER_LDFLAGS = "$(inherited)";
				OTHER_SWIFT_FLAGS = "$(inherited)";
				PRODUCT_BUNDLE_IDENTIFIER = Yaml;
				PRODUCT_MODULE_NAME = "$(TARGET_NAME:c99extidentifier)";
				PRODUCT_NAME = "$(TARGET_NAME:c99extidentifier)";
				SKIP_INSTALL = YES;
				SWIFT_ACTIVE_COMPILATION_CONDITIONS = "$(inherited)";
				SWIFT_VERSION = 4.0;
				TARGET_NAME = Yaml;
			};
			name = Debug;
		};
		OBJ_185 /* Release */ = {
			isa = XCBuildConfiguration;
			buildSettings = {
				ENABLE_TESTABILITY = YES;
				FRAMEWORK_SEARCH_PATHS = (
					"$(inherited)",
					"$(PLATFORM_DIR)/Developer/Library/Frameworks",
				);
				HEADER_SEARCH_PATHS = "$(inherited)";
				INFOPLIST_FILE = Pui.xcodeproj/Yaml_Info.plist;
				LD_RUNPATH_SEARCH_PATHS = "$(inherited) $(TOOLCHAIN_DIR)/usr/lib/swift/macosx";
				OTHER_CFLAGS = "$(inherited)";
				OTHER_LDFLAGS = "$(inherited)";
				OTHER_SWIFT_FLAGS = "$(inherited)";
				PRODUCT_BUNDLE_IDENTIFIER = Yaml;
				PRODUCT_MODULE_NAME = "$(TARGET_NAME:c99extidentifier)";
				PRODUCT_NAME = "$(TARGET_NAME:c99extidentifier)";
				SKIP_INSTALL = YES;
				SWIFT_ACTIVE_COMPILATION_CONDITIONS = "$(inherited)";
				SWIFT_VERSION = 4.0;
				TARGET_NAME = Yaml;
			};
			name = Release;
		};
		OBJ_196 /* Debug */ = {
			isa = XCBuildConfiguration;
			buildSettings = {
				LD = /usr/bin/true;
				OTHER_SWIFT_FLAGS = "-swift-version 4 -I $(TOOLCHAIN_DIR)/usr/lib/swift/pm/4 -sdk /Applications/Xcode.app/Contents/Developer/Platforms/MacOSX.platform/Developer/SDKs/MacOSX11.1.sdk -package-description-version 4.1.0";
				SWIFT_VERSION = 4.0;
			};
			name = Debug;
		};
		OBJ_197 /* Release */ = {
			isa = XCBuildConfiguration;
			buildSettings = {
				LD = /usr/bin/true;
				OTHER_SWIFT_FLAGS = "-swift-version 4 -I $(TOOLCHAIN_DIR)/usr/lib/swift/pm/4 -sdk /Applications/Xcode.app/Contents/Developer/Platforms/MacOSX.platform/Developer/SDKs/MacOSX11.1.sdk -package-description-version 4.1.0";
				SWIFT_VERSION = 4.0;
			};
			name = Release;
		};
		OBJ_202 /* Debug */ = {
			isa = XCBuildConfiguration;
			buildSettings = {
			};
			name = Debug;
		};
		OBJ_203 /* Release */ = {
			isa = XCBuildConfiguration;
			buildSettings = {
			};
			name = Release;
		};
		OBJ_207 /* Debug */ = {
			isa = XCBuildConfiguration;
			buildSettings = {
				LD = /usr/bin/true;
				OTHER_SWIFT_FLAGS = "-swift-version 5 -I $(TOOLCHAIN_DIR)/usr/lib/swift/pm/4_2 -sdk /Applications/Xcode.app/Contents/Developer/Platforms/MacOSX.platform/Developer/SDKs/MacOSX11.1.sdk -package-description-version 5.2.0";
				SWIFT_VERSION = 5.0;
			};
			name = Debug;
		};
		OBJ_208 /* Release */ = {
			isa = XCBuildConfiguration;
			buildSettings = {
				LD = /usr/bin/true;
				OTHER_SWIFT_FLAGS = "-swift-version 5 -I $(TOOLCHAIN_DIR)/usr/lib/swift/pm/4_2 -sdk /Applications/Xcode.app/Contents/Developer/Platforms/MacOSX.platform/Developer/SDKs/MacOSX11.1.sdk -package-description-version 5.2.0";
				SWIFT_VERSION = 5.0;
			};
			name = Release;
		};
		OBJ_3 /* Debug */ = {
			isa = XCBuildConfiguration;
			buildSettings = {
				CLANG_ENABLE_OBJC_ARC = YES;
				COMBINE_HIDPI_IMAGES = YES;
				COPY_PHASE_STRIP = NO;
				DEBUG_INFORMATION_FORMAT = dwarf;
				DYLIB_INSTALL_NAME_BASE = "@rpath";
				ENABLE_NS_ASSERTIONS = YES;
				GCC_OPTIMIZATION_LEVEL = 0;
				GCC_PREPROCESSOR_DEFINITIONS = (
					"$(inherited)",
					"SWIFT_PACKAGE=1",
					"DEBUG=1",
				);
				MACOSX_DEPLOYMENT_TARGET = 10.10;
				ONLY_ACTIVE_ARCH = YES;
				OTHER_SWIFT_FLAGS = "$(inherited) -DXcode";
				PRODUCT_NAME = "$(TARGET_NAME)";
				SDKROOT = macosx;
				SUPPORTED_PLATFORMS = "macosx iphoneos iphonesimulator appletvos appletvsimulator watchos watchsimulator";
				SWIFT_ACTIVE_COMPILATION_CONDITIONS = "$(inherited) SWIFT_PACKAGE DEBUG";
				SWIFT_OPTIMIZATION_LEVEL = "-Onone";
				USE_HEADERMAP = NO;
			};
			name = Debug;
		};
		OBJ_4 /* Release */ = {
			isa = XCBuildConfiguration;
			buildSettings = {
				CLANG_ENABLE_OBJC_ARC = YES;
				COMBINE_HIDPI_IMAGES = YES;
				COPY_PHASE_STRIP = YES;
				DEBUG_INFORMATION_FORMAT = "dwarf-with-dsym";
				DYLIB_INSTALL_NAME_BASE = "@rpath";
				GCC_OPTIMIZATION_LEVEL = s;
				GCC_PREPROCESSOR_DEFINITIONS = (
					"$(inherited)",
					"SWIFT_PACKAGE=1",
				);
				MACOSX_DEPLOYMENT_TARGET = 10.10;
				OTHER_SWIFT_FLAGS = "$(inherited) -DXcode";
				PRODUCT_NAME = "$(TARGET_NAME)";
				SDKROOT = macosx;
				SUPPORTED_PLATFORMS = "macosx iphoneos iphonesimulator appletvos appletvsimulator watchos watchsimulator";
				SWIFT_ACTIVE_COMPILATION_CONDITIONS = "$(inherited) SWIFT_PACKAGE";
				SWIFT_OPTIMIZATION_LEVEL = "-Owholemodule";
				USE_HEADERMAP = NO;
			};
			name = Release;
		};
		OBJ_88 /* Debug */ = {
			isa = XCBuildConfiguration;
			buildSettings = {
				ENABLE_TESTABILITY = YES;
				FRAMEWORK_SEARCH_PATHS = (
					"$(inherited)",
					"$(PLATFORM_DIR)/Developer/Library/Frameworks",
				);
				HEADER_SEARCH_PATHS = "$(inherited)";
				INFOPLIST_FILE = Pui.xcodeproj/ArgumentParser_Info.plist;
				IPHONEOS_DEPLOYMENT_TARGET = 9.0;
				LD_RUNPATH_SEARCH_PATHS = "$(inherited) $(TOOLCHAIN_DIR)/usr/lib/swift/macosx";
				MACOSX_DEPLOYMENT_TARGET = 10.10;
				OTHER_CFLAGS = "$(inherited)";
				OTHER_LDFLAGS = "$(inherited)";
				OTHER_SWIFT_FLAGS = "$(inherited)";
				PRODUCT_BUNDLE_IDENTIFIER = ArgumentParser;
				PRODUCT_MODULE_NAME = "$(TARGET_NAME:c99extidentifier)";
				PRODUCT_NAME = "$(TARGET_NAME:c99extidentifier)";
				SKIP_INSTALL = YES;
				SWIFT_ACTIVE_COMPILATION_CONDITIONS = "$(inherited)";
				SWIFT_VERSION = 5.0;
				TARGET_NAME = ArgumentParser;
				TVOS_DEPLOYMENT_TARGET = 9.0;
				WATCHOS_DEPLOYMENT_TARGET = 2.0;
			};
			name = Debug;
		};
		OBJ_89 /* Release */ = {
			isa = XCBuildConfiguration;
			buildSettings = {
				ENABLE_TESTABILITY = YES;
				FRAMEWORK_SEARCH_PATHS = (
					"$(inherited)",
					"$(PLATFORM_DIR)/Developer/Library/Frameworks",
				);
				HEADER_SEARCH_PATHS = "$(inherited)";
				INFOPLIST_FILE = Pui.xcodeproj/ArgumentParser_Info.plist;
				IPHONEOS_DEPLOYMENT_TARGET = 9.0;
				LD_RUNPATH_SEARCH_PATHS = "$(inherited) $(TOOLCHAIN_DIR)/usr/lib/swift/macosx";
				MACOSX_DEPLOYMENT_TARGET = 10.10;
				OTHER_CFLAGS = "$(inherited)";
				OTHER_LDFLAGS = "$(inherited)";
				OTHER_SWIFT_FLAGS = "$(inherited)";
				PRODUCT_BUNDLE_IDENTIFIER = ArgumentParser;
				PRODUCT_MODULE_NAME = "$(TARGET_NAME:c99extidentifier)";
				PRODUCT_NAME = "$(TARGET_NAME:c99extidentifier)";
				SKIP_INSTALL = YES;
				SWIFT_ACTIVE_COMPILATION_CONDITIONS = "$(inherited)";
				SWIFT_VERSION = 5.0;
				TARGET_NAME = ArgumentParser;
				TVOS_DEPLOYMENT_TARGET = 9.0;
				WATCHOS_DEPLOYMENT_TARGET = 2.0;
			};
			name = Release;
		};
/* End XCBuildConfiguration section */

/* Begin XCConfigurationList section */
		OBJ_128 /* Build configuration list for PBXNativeTarget "Pui" */ = {
			isa = XCConfigurationList;
			buildConfigurations = (
				OBJ_129 /* Debug */,
				OBJ_130 /* Release */,
			);
			defaultConfigurationIsVisible = 0;
			defaultConfigurationName = Release;
		};
		OBJ_142 /* Build configuration list for PBXNativeTarget "PuiCore" */ = {
			isa = XCConfigurationList;
			buildConfigurations = (
				OBJ_143 /* Debug */,
				OBJ_144 /* Release */,
			);
			defaultConfigurationIsVisible = 0;
			defaultConfigurationName = Release;
		};
		OBJ_159 /* Build configuration list for PBXNativeTarget "PuiPackageDescription" */ = {
			isa = XCConfigurationList;
			buildConfigurations = (
				OBJ_160 /* Debug */,
				OBJ_161 /* Release */,
			);
			defaultConfigurationIsVisible = 0;
			defaultConfigurationName = Release;
		};
		OBJ_165 /* Build configuration list for PBXAggregateTarget "PuiPackageTests" */ = {
			isa = XCConfigurationList;
			buildConfigurations = (
				OBJ_166 /* Debug */,
				OBJ_167 /* Release */,
			);
			defaultConfigurationIsVisible = 0;
			defaultConfigurationName = Release;
		};
		OBJ_170 /* Build configuration list for PBXNativeTarget "PuiTests" */ = {
			isa = XCConfigurationList;
			buildConfigurations = (
				OBJ_171 /* Debug */,
				OBJ_172 /* Release */,
			);
			defaultConfigurationIsVisible = 0;
			defaultConfigurationName = Release;
		};
		OBJ_183 /* Build configuration list for PBXNativeTarget "Yaml" */ = {
			isa = XCConfigurationList;
			buildConfigurations = (
				OBJ_184 /* Debug */,
				OBJ_185 /* Release */,
			);
			defaultConfigurationIsVisible = 0;
			defaultConfigurationName = Release;
		};
		OBJ_195 /* Build configuration list for PBXNativeTarget "YamlPackageDescription" */ = {
			isa = XCConfigurationList;
			buildConfigurations = (
				OBJ_196 /* Debug */,
				OBJ_197 /* Release */,
			);
			defaultConfigurationIsVisible = 0;
			defaultConfigurationName = Release;
		};
		OBJ_2 /* Build configuration list for PBXProject "Pui" */ = {
			isa = XCConfigurationList;
			buildConfigurations = (
				OBJ_3 /* Debug */,
				OBJ_4 /* Release */,
			);
			defaultConfigurationIsVisible = 0;
			defaultConfigurationName = Release;
		};
		OBJ_201 /* Build configuration list for PBXAggregateTarget "pui" */ = {
			isa = XCConfigurationList;
			buildConfigurations = (
				OBJ_202 /* Debug */,
				OBJ_203 /* Release */,
			);
			defaultConfigurationIsVisible = 0;
			defaultConfigurationName = Release;
		};
		OBJ_206 /* Build configuration list for PBXNativeTarget "swift-argument-parserPackageDescription" */ = {
			isa = XCConfigurationList;
			buildConfigurations = (
				OBJ_207 /* Debug */,
				OBJ_208 /* Release */,
			);
			defaultConfigurationIsVisible = 0;
			defaultConfigurationName = Release;
		};
		OBJ_87 /* Build configuration list for PBXNativeTarget "ArgumentParser" */ = {
			isa = XCConfigurationList;
			buildConfigurations = (
				OBJ_88 /* Debug */,
				OBJ_89 /* Release */,
			);
			defaultConfigurationIsVisible = 0;
			defaultConfigurationName = Release;
		};
/* End XCConfigurationList section */
	};
	rootObject = OBJ_1 /* Project object */;
}
