// !$*UTF8*$!
{
	archiveVersion = 1;
	classes = {
	};
	objectVersion = 46;
	objects = {

/* Begin PBXAggregateTarget section */
		"Pui::PuiPackageTests::ProductTarget" /* PuiPackageTests */ = {
			isa = PBXAggregateTarget;
			buildConfigurationList = OBJ_205 /* Build configuration list for PBXAggregateTarget "PuiPackageTests" */;
			buildPhases = (
			);
			dependencies = (
				OBJ_208 /* PBXTargetDependency */,
			);
			name = PuiPackageTests;
			productName = PuiPackageTests;
		};
		"Pui::pui::ProductTarget" /* pui */ = {
			isa = PBXAggregateTarget;
			buildConfigurationList = OBJ_263 /* Build configuration list for PBXAggregateTarget "pui" */;
			buildPhases = (
			);
			dependencies = (
				OBJ_266 /* PBXTargetDependency */,
			);
			name = pui;
			productName = pui;
		};
/* End PBXAggregateTarget section */

/* Begin PBXBuildFile section */
		B610EF4125D976EC00F6E363 /* MVCStoryboardTemplate.swift in Sources */ = {isa = PBXBuildFile; fileRef = B610EF4025D976EC00F6E363 /* MVCStoryboardTemplate.swift */; };
		B610EF5125D9777400F6E363 /* MVCXibTemplate.swift in Sources */ = {isa = PBXBuildFile; fileRef = B610EF5025D9777400F6E363 /* MVCXibTemplate.swift */; };
		OBJ_118 /* BashCompletionsGenerator.swift in Sources */ = {isa = PBXBuildFile; fileRef = OBJ_56 /* BashCompletionsGenerator.swift */; };
		OBJ_119 /* CompletionsGenerator.swift in Sources */ = {isa = PBXBuildFile; fileRef = OBJ_57 /* CompletionsGenerator.swift */; };
		OBJ_120 /* FishCompletionsGenerator.swift in Sources */ = {isa = PBXBuildFile; fileRef = OBJ_58 /* FishCompletionsGenerator.swift */; };
		OBJ_121 /* ZshCompletionsGenerator.swift in Sources */ = {isa = PBXBuildFile; fileRef = OBJ_59 /* ZshCompletionsGenerator.swift */; };
		OBJ_122 /* Argument.swift in Sources */ = {isa = PBXBuildFile; fileRef = OBJ_61 /* Argument.swift */; };
		OBJ_123 /* ArgumentHelp.swift in Sources */ = {isa = PBXBuildFile; fileRef = OBJ_62 /* ArgumentHelp.swift */; };
		OBJ_124 /* CompletionKind.swift in Sources */ = {isa = PBXBuildFile; fileRef = OBJ_63 /* CompletionKind.swift */; };
		OBJ_125 /* Errors.swift in Sources */ = {isa = PBXBuildFile; fileRef = OBJ_64 /* Errors.swift */; };
		OBJ_126 /* Flag.swift in Sources */ = {isa = PBXBuildFile; fileRef = OBJ_65 /* Flag.swift */; };
		OBJ_127 /* NameSpecification.swift in Sources */ = {isa = PBXBuildFile; fileRef = OBJ_66 /* NameSpecification.swift */; };
		OBJ_128 /* Option.swift in Sources */ = {isa = PBXBuildFile; fileRef = OBJ_67 /* Option.swift */; };
		OBJ_129 /* OptionGroup.swift in Sources */ = {isa = PBXBuildFile; fileRef = OBJ_68 /* OptionGroup.swift */; };
		OBJ_130 /* CommandConfiguration.swift in Sources */ = {isa = PBXBuildFile; fileRef = OBJ_70 /* CommandConfiguration.swift */; };
		OBJ_131 /* EnumerableFlag.swift in Sources */ = {isa = PBXBuildFile; fileRef = OBJ_71 /* EnumerableFlag.swift */; };
		OBJ_132 /* ExpressibleByArgument.swift in Sources */ = {isa = PBXBuildFile; fileRef = OBJ_72 /* ExpressibleByArgument.swift */; };
		OBJ_133 /* ParsableArguments.swift in Sources */ = {isa = PBXBuildFile; fileRef = OBJ_73 /* ParsableArguments.swift */; };
		OBJ_134 /* ParsableArgumentsValidation.swift in Sources */ = {isa = PBXBuildFile; fileRef = OBJ_74 /* ParsableArgumentsValidation.swift */; };
		OBJ_135 /* ParsableCommand.swift in Sources */ = {isa = PBXBuildFile; fileRef = OBJ_75 /* ParsableCommand.swift */; };
		OBJ_136 /* ArgumentDecoder.swift in Sources */ = {isa = PBXBuildFile; fileRef = OBJ_77 /* ArgumentDecoder.swift */; };
		OBJ_137 /* ArgumentDefinition.swift in Sources */ = {isa = PBXBuildFile; fileRef = OBJ_78 /* ArgumentDefinition.swift */; };
		OBJ_138 /* ArgumentSet.swift in Sources */ = {isa = PBXBuildFile; fileRef = OBJ_79 /* ArgumentSet.swift */; };
		OBJ_139 /* CommandParser.swift in Sources */ = {isa = PBXBuildFile; fileRef = OBJ_80 /* CommandParser.swift */; };
		OBJ_140 /* InputOrigin.swift in Sources */ = {isa = PBXBuildFile; fileRef = OBJ_81 /* InputOrigin.swift */; };
		OBJ_141 /* Name.swift in Sources */ = {isa = PBXBuildFile; fileRef = OBJ_82 /* Name.swift */; };
		OBJ_142 /* Parsed.swift in Sources */ = {isa = PBXBuildFile; fileRef = OBJ_83 /* Parsed.swift */; };
		OBJ_143 /* ParsedValues.swift in Sources */ = {isa = PBXBuildFile; fileRef = OBJ_84 /* ParsedValues.swift */; };
		OBJ_144 /* ParserError.swift in Sources */ = {isa = PBXBuildFile; fileRef = OBJ_85 /* ParserError.swift */; };
		OBJ_145 /* SplitArguments.swift in Sources */ = {isa = PBXBuildFile; fileRef = OBJ_86 /* SplitArguments.swift */; };
		OBJ_146 /* HelpCommand.swift in Sources */ = {isa = PBXBuildFile; fileRef = OBJ_88 /* HelpCommand.swift */; };
		OBJ_147 /* HelpGenerator.swift in Sources */ = {isa = PBXBuildFile; fileRef = OBJ_89 /* HelpGenerator.swift */; };
		OBJ_148 /* MessageInfo.swift in Sources */ = {isa = PBXBuildFile; fileRef = OBJ_90 /* MessageInfo.swift */; };
		OBJ_149 /* UsageGenerator.swift in Sources */ = {isa = PBXBuildFile; fileRef = OBJ_91 /* UsageGenerator.swift */; };
		OBJ_150 /* SequenceExtensions.swift in Sources */ = {isa = PBXBuildFile; fileRef = OBJ_93 /* SequenceExtensions.swift */; };
		OBJ_151 /* StringExtensions.swift in Sources */ = {isa = PBXBuildFile; fileRef = OBJ_94 /* StringExtensions.swift */; };
		OBJ_152 /* Tree.swift in Sources */ = {isa = PBXBuildFile; fileRef = OBJ_95 /* Tree.swift */; };
		OBJ_159 /* main.swift in Sources */ = {isa = PBXBuildFile; fileRef = OBJ_9 /* main.swift */; };
		OBJ_161 /* PuiCore.framework in Frameworks */ = {isa = PBXBuildFile; fileRef = "Pui::PuiCore::Product" /* PuiCore.framework */; };
		OBJ_162 /* SwiftShell.framework in Frameworks */ = {isa = PBXBuildFile; fileRef = "SwiftShell::SwiftShell::Product" /* SwiftShell.framework */; };
		OBJ_163 /* Yaml.framework in Frameworks */ = {isa = PBXBuildFile; fileRef = "Yaml::Yaml::Product" /* Yaml.framework */; };
		OBJ_164 /* ArgumentParser.framework in Frameworks */ = {isa = PBXBuildFile; fileRef = "swift-argument-parser::ArgumentParser::Product" /* ArgumentParser.framework */; };
		OBJ_176 /* Component.swift in Sources */ = {isa = PBXBuildFile; fileRef = OBJ_12 /* Component.swift */; };
		OBJ_177 /* PuiError.swift in Sources */ = {isa = PBXBuildFile; fileRef = OBJ_14 /* PuiError.swift */; };
		OBJ_178 /* String+.swift in Sources */ = {isa = PBXBuildFile; fileRef = OBJ_16 /* String+.swift */; };
		OBJ_179 /* ArchitectureType.swift in Sources */ = {isa = PBXBuildFile; fileRef = OBJ_18 /* ArchitectureType.swift */; };
		OBJ_180 /* CommandType.swift in Sources */ = {isa = PBXBuildFile; fileRef = OBJ_19 /* CommandType.swift */; };
		OBJ_181 /* PuiCore.swift in Sources */ = {isa = PBXBuildFile; fileRef = OBJ_20 /* PuiCore.swift */; };
		OBJ_182 /* MVCViewControllerTemplate.swift in Sources */ = {isa = PBXBuildFile; fileRef = OBJ_23 /* MVCViewControllerTemplate.swift */; };
		OBJ_183 /* MVCViewTemplate.swift in Sources */ = {isa = PBXBuildFile; fileRef = OBJ_24 /* MVCViewTemplate.swift */; };
		OBJ_184 /* Template.swift in Sources */ = {isa = PBXBuildFile; fileRef = OBJ_25 /* Template.swift */; };
		OBJ_185 /* Bash.swift in Sources */ = {isa = PBXBuildFile; fileRef = OBJ_27 /* Bash.swift */; };
		OBJ_186 /* FileOperator.swift in Sources */ = {isa = PBXBuildFile; fileRef = OBJ_28 /* FileOperator.swift */; };
		OBJ_187 /* Helper.swift in Sources */ = {isa = PBXBuildFile; fileRef = OBJ_29 /* Helper.swift */; };
		OBJ_188 /* YamlReadableType.swift in Sources */ = {isa = PBXBuildFile; fileRef = OBJ_31 /* YamlReadableType.swift */; };
		OBJ_189 /* YamlReader.swift in Sources */ = {isa = PBXBuildFile; fileRef = OBJ_32 /* YamlReader.swift */; };
		OBJ_190 /* YamlResource.swift in Sources */ = {isa = PBXBuildFile; fileRef = OBJ_33 /* YamlResource.swift */; };
		OBJ_192 /* SwiftShell.framework in Frameworks */ = {isa = PBXBuildFile; fileRef = "SwiftShell::SwiftShell::Product" /* SwiftShell.framework */; };
		OBJ_193 /* Yaml.framework in Frameworks */ = {isa = PBXBuildFile; fileRef = "Yaml::Yaml::Product" /* Yaml.framework */; };
		OBJ_194 /* ArgumentParser.framework in Frameworks */ = {isa = PBXBuildFile; fileRef = "swift-argument-parser::ArgumentParser::Product" /* ArgumentParser.framework */; };
		OBJ_203 /* Package.swift in Sources */ = {isa = PBXBuildFile; fileRef = OBJ_6 /* Package.swift */; };
		OBJ_214 /* PuiTests.swift in Sources */ = {isa = PBXBuildFile; fileRef = OBJ_36 /* PuiTests.swift */; };
		OBJ_215 /* XCTestManifests.swift in Sources */ = {isa = PBXBuildFile; fileRef = OBJ_37 /* XCTestManifests.swift */; };
		OBJ_217 /* PuiCore.framework in Frameworks */ = {isa = PBXBuildFile; fileRef = "Pui::PuiCore::Product" /* PuiCore.framework */; };
		OBJ_218 /* SwiftShell.framework in Frameworks */ = {isa = PBXBuildFile; fileRef = "SwiftShell::SwiftShell::Product" /* SwiftShell.framework */; };
		OBJ_219 /* Yaml.framework in Frameworks */ = {isa = PBXBuildFile; fileRef = "Yaml::Yaml::Product" /* Yaml.framework */; };
		OBJ_220 /* ArgumentParser.framework in Frameworks */ = {isa = PBXBuildFile; fileRef = "swift-argument-parser::ArgumentParser::Product" /* ArgumentParser.framework */; };
		OBJ_229 /* Bash.swift in Sources */ = {isa = PBXBuildFile; fileRef = OBJ_41 /* Bash.swift */; };
		OBJ_230 /* Command.swift in Sources */ = {isa = PBXBuildFile; fileRef = OBJ_42 /* Command.swift */; };
		OBJ_231 /* Context.swift in Sources */ = {isa = PBXBuildFile; fileRef = OBJ_43 /* Context.swift */; };
		OBJ_232 /* Files.swift in Sources */ = {isa = PBXBuildFile; fileRef = OBJ_44 /* Files.swift */; };
		OBJ_233 /* Array.swift in Sources */ = {isa = PBXBuildFile; fileRef = OBJ_46 /* Array.swift */; };
		OBJ_234 /* Process.swift in Sources */ = {isa = PBXBuildFile; fileRef = OBJ_47 /* Process.swift */; };
		OBJ_235 /* Lazy-split.swift in Sources */ = {isa = PBXBuildFile; fileRef = OBJ_49 /* Lazy-split.swift */; };
		OBJ_236 /* Stream.swift in Sources */ = {isa = PBXBuildFile; fileRef = OBJ_50 /* Stream.swift */; };
		OBJ_237 /* String.swift in Sources */ = {isa = PBXBuildFile; fileRef = OBJ_51 /* String.swift */; };
		OBJ_244 /* Package.swift in Sources */ = {isa = PBXBuildFile; fileRef = OBJ_52 /* Package.swift */; };
		OBJ_249 /* YAMLOperators.swift in Sources */ = {isa = PBXBuildFile; fileRef = OBJ_99 /* YAMLOperators.swift */; };
		OBJ_250 /* YAMLParser.swift in Sources */ = {isa = PBXBuildFile; fileRef = OBJ_100 /* YAMLParser.swift */; };
		OBJ_251 /* YAMLRegex.swift in Sources */ = {isa = PBXBuildFile; fileRef = OBJ_101 /* YAMLRegex.swift */; };
		OBJ_252 /* YAMLResult.swift in Sources */ = {isa = PBXBuildFile; fileRef = OBJ_102 /* YAMLResult.swift */; };
		OBJ_253 /* YAMLTokenizer.swift in Sources */ = {isa = PBXBuildFile; fileRef = OBJ_103 /* YAMLTokenizer.swift */; };
		OBJ_254 /* Yaml.swift in Sources */ = {isa = PBXBuildFile; fileRef = OBJ_104 /* Yaml.swift */; };
		OBJ_261 /* Package.swift in Sources */ = {isa = PBXBuildFile; fileRef = OBJ_105 /* Package.swift */; };
		OBJ_272 /* Package.swift in Sources */ = {isa = PBXBuildFile; fileRef = OBJ_96 /* Package.swift */; };
/* End PBXBuildFile section */

/* Begin PBXContainerItemProxy section */
		B610EF3525D9610500F6E363 /* PBXContainerItemProxy */ = {
			isa = PBXContainerItemProxy;
			containerPortal = OBJ_1 /* Project object */;
			proxyType = 1;
			remoteGlobalIDString = "SwiftShell::SwiftShell";
			remoteInfo = SwiftShell;
		};
		B610EF3625D9610500F6E363 /* PBXContainerItemProxy */ = {
			isa = PBXContainerItemProxy;
			containerPortal = OBJ_1 /* Project object */;
			proxyType = 1;
			remoteGlobalIDString = "Yaml::Yaml";
			remoteInfo = Yaml;
		};
		B610EF3725D9610500F6E363 /* PBXContainerItemProxy */ = {
			isa = PBXContainerItemProxy;
			containerPortal = OBJ_1 /* Project object */;
			proxyType = 1;
			remoteGlobalIDString = "swift-argument-parser::ArgumentParser";
			remoteInfo = ArgumentParser;
		};
		B610EF3825D9610500F6E363 /* PBXContainerItemProxy */ = {
			isa = PBXContainerItemProxy;
			containerPortal = OBJ_1 /* Project object */;
			proxyType = 1;
			remoteGlobalIDString = "Pui::PuiCore";
			remoteInfo = PuiCore;
		};
		B610EF3925D9610500F6E363 /* PBXContainerItemProxy */ = {
			isa = PBXContainerItemProxy;
			containerPortal = OBJ_1 /* Project object */;
			proxyType = 1;
			remoteGlobalIDString = "SwiftShell::SwiftShell";
			remoteInfo = SwiftShell;
		};
		B610EF3A25D9610500F6E363 /* PBXContainerItemProxy */ = {
			isa = PBXContainerItemProxy;
			containerPortal = OBJ_1 /* Project object */;
			proxyType = 1;
			remoteGlobalIDString = "Yaml::Yaml";
			remoteInfo = Yaml;
		};
		B610EF3B25D9610500F6E363 /* PBXContainerItemProxy */ = {
			isa = PBXContainerItemProxy;
			containerPortal = OBJ_1 /* Project object */;
			proxyType = 1;
			remoteGlobalIDString = "swift-argument-parser::ArgumentParser";
			remoteInfo = ArgumentParser;
		};
		B610EF3C25D9610500F6E363 /* PBXContainerItemProxy */ = {
			isa = PBXContainerItemProxy;
			containerPortal = OBJ_1 /* Project object */;
			proxyType = 1;
			remoteGlobalIDString = "Pui::PuiCore";
			remoteInfo = PuiCore;
		};
		B610EF3D25D9610500F6E363 /* PBXContainerItemProxy */ = {
			isa = PBXContainerItemProxy;
			containerPortal = OBJ_1 /* Project object */;
			proxyType = 1;
			remoteGlobalIDString = "SwiftShell::SwiftShell";
			remoteInfo = SwiftShell;
		};
		B610EF3E25D9610500F6E363 /* PBXContainerItemProxy */ = {
			isa = PBXContainerItemProxy;
			containerPortal = OBJ_1 /* Project object */;
			proxyType = 1;
			remoteGlobalIDString = "Yaml::Yaml";
			remoteInfo = Yaml;
		};
		B610EF3F25D9610500F6E363 /* PBXContainerItemProxy */ = {
			isa = PBXContainerItemProxy;
			containerPortal = OBJ_1 /* Project object */;
			proxyType = 1;
			remoteGlobalIDString = "swift-argument-parser::ArgumentParser";
			remoteInfo = ArgumentParser;
		};
		B610EF4625D976EC00F6E363 /* PBXContainerItemProxy */ = {
			isa = PBXContainerItemProxy;
			containerPortal = OBJ_1 /* Project object */;
			proxyType = 1;
			remoteGlobalIDString = "Pui::PuiTests";
			remoteInfo = PuiTests;
		};
		B610EF4D25D976EC00F6E363 /* PBXContainerItemProxy */ = {
			isa = PBXContainerItemProxy;
			containerPortal = OBJ_1 /* Project object */;
			proxyType = 1;
			remoteGlobalIDString = "Pui::Pui";
			remoteInfo = Pui;
		};
/* End PBXContainerItemProxy section */

/* Begin PBXFileReference section */
		B610EF4025D976EC00F6E363 /* MVCStoryboardTemplate.swift */ = {isa = PBXFileReference; lastKnownFileType = sourcecode.swift; path = MVCStoryboardTemplate.swift; sourceTree = "<group>"; };
		B610EF5025D9777400F6E363 /* MVCXibTemplate.swift */ = {isa = PBXFileReference; lastKnownFileType = sourcecode.swift; path = MVCXibTemplate.swift; sourceTree = "<group>"; };
		OBJ_100 /* YAMLParser.swift */ = {isa = PBXFileReference; lastKnownFileType = sourcecode.swift; path = YAMLParser.swift; sourceTree = "<group>"; };
		OBJ_101 /* YAMLRegex.swift */ = {isa = PBXFileReference; lastKnownFileType = sourcecode.swift; path = YAMLRegex.swift; sourceTree = "<group>"; };
		OBJ_102 /* YAMLResult.swift */ = {isa = PBXFileReference; lastKnownFileType = sourcecode.swift; path = YAMLResult.swift; sourceTree = "<group>"; };
		OBJ_103 /* YAMLTokenizer.swift */ = {isa = PBXFileReference; lastKnownFileType = sourcecode.swift; path = YAMLTokenizer.swift; sourceTree = "<group>"; };
		OBJ_104 /* Yaml.swift */ = {isa = PBXFileReference; lastKnownFileType = sourcecode.swift; path = Yaml.swift; sourceTree = "<group>"; };
		OBJ_105 /* Package.swift */ = {isa = PBXFileReference; explicitFileType = sourcecode.swift; name = Package.swift; path = /Users/sakiyamak/Documents/github/ios/001_Library/Pui/.build/checkouts/YamlSwift/Package.swift; sourceTree = "<group>"; };
		OBJ_12 /* Component.swift */ = {isa = PBXFileReference; lastKnownFileType = sourcecode.swift; path = Component.swift; sourceTree = "<group>"; };
		OBJ_14 /* PuiError.swift */ = {isa = PBXFileReference; lastKnownFileType = sourcecode.swift; path = PuiError.swift; sourceTree = "<group>"; };
		OBJ_16 /* String+.swift */ = {isa = PBXFileReference; lastKnownFileType = sourcecode.swift; path = "String+.swift"; sourceTree = "<group>"; };
		OBJ_18 /* ArchitectureType.swift */ = {isa = PBXFileReference; lastKnownFileType = sourcecode.swift; path = ArchitectureType.swift; sourceTree = "<group>"; };
		OBJ_19 /* CommandType.swift */ = {isa = PBXFileReference; lastKnownFileType = sourcecode.swift; path = CommandType.swift; sourceTree = "<group>"; };
		OBJ_20 /* PuiCore.swift */ = {isa = PBXFileReference; lastKnownFileType = sourcecode.swift; path = PuiCore.swift; sourceTree = "<group>"; };
		OBJ_23 /* MVCViewControllerTemplate.swift */ = {isa = PBXFileReference; lastKnownFileType = sourcecode.swift; path = MVCViewControllerTemplate.swift; sourceTree = "<group>"; };
		OBJ_24 /* MVCViewTemplate.swift */ = {isa = PBXFileReference; lastKnownFileType = sourcecode.swift; path = MVCViewTemplate.swift; sourceTree = "<group>"; };
		OBJ_25 /* Template.swift */ = {isa = PBXFileReference; lastKnownFileType = sourcecode.swift; path = Template.swift; sourceTree = "<group>"; };
		OBJ_27 /* Bash.swift */ = {isa = PBXFileReference; lastKnownFileType = sourcecode.swift; path = Bash.swift; sourceTree = "<group>"; };
		OBJ_28 /* FileOperator.swift */ = {isa = PBXFileReference; lastKnownFileType = sourcecode.swift; path = FileOperator.swift; sourceTree = "<group>"; };
		OBJ_29 /* Helper.swift */ = {isa = PBXFileReference; lastKnownFileType = sourcecode.swift; path = Helper.swift; sourceTree = "<group>"; };
		OBJ_31 /* YamlReadableType.swift */ = {isa = PBXFileReference; lastKnownFileType = sourcecode.swift; path = YamlReadableType.swift; sourceTree = "<group>"; };
		OBJ_32 /* YamlReader.swift */ = {isa = PBXFileReference; lastKnownFileType = sourcecode.swift; path = YamlReader.swift; sourceTree = "<group>"; };
		OBJ_33 /* YamlResource.swift */ = {isa = PBXFileReference; lastKnownFileType = sourcecode.swift; path = YamlResource.swift; sourceTree = "<group>"; };
		OBJ_36 /* PuiTests.swift */ = {isa = PBXFileReference; lastKnownFileType = sourcecode.swift; path = PuiTests.swift; sourceTree = "<group>"; };
		OBJ_37 /* XCTestManifests.swift */ = {isa = PBXFileReference; lastKnownFileType = sourcecode.swift; path = XCTestManifests.swift; sourceTree = "<group>"; };
		OBJ_41 /* Bash.swift */ = {isa = PBXFileReference; lastKnownFileType = sourcecode.swift; path = Bash.swift; sourceTree = "<group>"; };
		OBJ_42 /* Command.swift */ = {isa = PBXFileReference; lastKnownFileType = sourcecode.swift; path = Command.swift; sourceTree = "<group>"; };
		OBJ_43 /* Context.swift */ = {isa = PBXFileReference; lastKnownFileType = sourcecode.swift; path = Context.swift; sourceTree = "<group>"; };
		OBJ_44 /* Files.swift */ = {isa = PBXFileReference; lastKnownFileType = sourcecode.swift; path = Files.swift; sourceTree = "<group>"; };
		OBJ_46 /* Array.swift */ = {isa = PBXFileReference; lastKnownFileType = sourcecode.swift; path = Array.swift; sourceTree = "<group>"; };
		OBJ_47 /* Process.swift */ = {isa = PBXFileReference; lastKnownFileType = sourcecode.swift; path = Process.swift; sourceTree = "<group>"; };
		OBJ_49 /* Lazy-split.swift */ = {isa = PBXFileReference; lastKnownFileType = sourcecode.swift; path = "Lazy-split.swift"; sourceTree = "<group>"; };
		OBJ_50 /* Stream.swift */ = {isa = PBXFileReference; lastKnownFileType = sourcecode.swift; path = Stream.swift; sourceTree = "<group>"; };
		OBJ_51 /* String.swift */ = {isa = PBXFileReference; lastKnownFileType = sourcecode.swift; path = String.swift; sourceTree = "<group>"; };
		OBJ_52 /* Package.swift */ = {isa = PBXFileReference; explicitFileType = sourcecode.swift; name = Package.swift; path = /Users/sakiyamak/Documents/github/ios/001_Library/Pui/.build/checkouts/SwiftShell/Package.swift; sourceTree = "<group>"; };
		OBJ_56 /* BashCompletionsGenerator.swift */ = {isa = PBXFileReference; lastKnownFileType = sourcecode.swift; path = BashCompletionsGenerator.swift; sourceTree = "<group>"; };
		OBJ_57 /* CompletionsGenerator.swift */ = {isa = PBXFileReference; lastKnownFileType = sourcecode.swift; path = CompletionsGenerator.swift; sourceTree = "<group>"; };
		OBJ_58 /* FishCompletionsGenerator.swift */ = {isa = PBXFileReference; lastKnownFileType = sourcecode.swift; path = FishCompletionsGenerator.swift; sourceTree = "<group>"; };
		OBJ_59 /* ZshCompletionsGenerator.swift */ = {isa = PBXFileReference; lastKnownFileType = sourcecode.swift; path = ZshCompletionsGenerator.swift; sourceTree = "<group>"; };
		OBJ_6 /* Package.swift */ = {isa = PBXFileReference; explicitFileType = sourcecode.swift; path = Package.swift; sourceTree = "<group>"; };
		OBJ_61 /* Argument.swift */ = {isa = PBXFileReference; lastKnownFileType = sourcecode.swift; path = Argument.swift; sourceTree = "<group>"; };
		OBJ_62 /* ArgumentHelp.swift */ = {isa = PBXFileReference; lastKnownFileType = sourcecode.swift; path = ArgumentHelp.swift; sourceTree = "<group>"; };
		OBJ_63 /* CompletionKind.swift */ = {isa = PBXFileReference; lastKnownFileType = sourcecode.swift; path = CompletionKind.swift; sourceTree = "<group>"; };
		OBJ_64 /* Errors.swift */ = {isa = PBXFileReference; lastKnownFileType = sourcecode.swift; path = Errors.swift; sourceTree = "<group>"; };
		OBJ_65 /* Flag.swift */ = {isa = PBXFileReference; lastKnownFileType = sourcecode.swift; path = Flag.swift; sourceTree = "<group>"; };
		OBJ_66 /* NameSpecification.swift */ = {isa = PBXFileReference; lastKnownFileType = sourcecode.swift; path = NameSpecification.swift; sourceTree = "<group>"; };
		OBJ_67 /* Option.swift */ = {isa = PBXFileReference; lastKnownFileType = sourcecode.swift; path = Option.swift; sourceTree = "<group>"; };
		OBJ_68 /* OptionGroup.swift */ = {isa = PBXFileReference; lastKnownFileType = sourcecode.swift; path = OptionGroup.swift; sourceTree = "<group>"; };
		OBJ_70 /* CommandConfiguration.swift */ = {isa = PBXFileReference; lastKnownFileType = sourcecode.swift; path = CommandConfiguration.swift; sourceTree = "<group>"; };
		OBJ_71 /* EnumerableFlag.swift */ = {isa = PBXFileReference; lastKnownFileType = sourcecode.swift; path = EnumerableFlag.swift; sourceTree = "<group>"; };
		OBJ_72 /* ExpressibleByArgument.swift */ = {isa = PBXFileReference; lastKnownFileType = sourcecode.swift; path = ExpressibleByArgument.swift; sourceTree = "<group>"; };
		OBJ_73 /* ParsableArguments.swift */ = {isa = PBXFileReference; lastKnownFileType = sourcecode.swift; path = ParsableArguments.swift; sourceTree = "<group>"; };
		OBJ_74 /* ParsableArgumentsValidation.swift */ = {isa = PBXFileReference; lastKnownFileType = sourcecode.swift; path = ParsableArgumentsValidation.swift; sourceTree = "<group>"; };
		OBJ_75 /* ParsableCommand.swift */ = {isa = PBXFileReference; lastKnownFileType = sourcecode.swift; path = ParsableCommand.swift; sourceTree = "<group>"; };
		OBJ_77 /* ArgumentDecoder.swift */ = {isa = PBXFileReference; lastKnownFileType = sourcecode.swift; path = ArgumentDecoder.swift; sourceTree = "<group>"; };
		OBJ_78 /* ArgumentDefinition.swift */ = {isa = PBXFileReference; lastKnownFileType = sourcecode.swift; path = ArgumentDefinition.swift; sourceTree = "<group>"; };
		OBJ_79 /* ArgumentSet.swift */ = {isa = PBXFileReference; lastKnownFileType = sourcecode.swift; path = ArgumentSet.swift; sourceTree = "<group>"; };
		OBJ_80 /* CommandParser.swift */ = {isa = PBXFileReference; lastKnownFileType = sourcecode.swift; path = CommandParser.swift; sourceTree = "<group>"; };
		OBJ_81 /* InputOrigin.swift */ = {isa = PBXFileReference; lastKnownFileType = sourcecode.swift; path = InputOrigin.swift; sourceTree = "<group>"; };
		OBJ_82 /* Name.swift */ = {isa = PBXFileReference; lastKnownFileType = sourcecode.swift; path = Name.swift; sourceTree = "<group>"; };
		OBJ_83 /* Parsed.swift */ = {isa = PBXFileReference; lastKnownFileType = sourcecode.swift; path = Parsed.swift; sourceTree = "<group>"; };
		OBJ_84 /* ParsedValues.swift */ = {isa = PBXFileReference; lastKnownFileType = sourcecode.swift; path = ParsedValues.swift; sourceTree = "<group>"; };
		OBJ_85 /* ParserError.swift */ = {isa = PBXFileReference; lastKnownFileType = sourcecode.swift; path = ParserError.swift; sourceTree = "<group>"; };
		OBJ_86 /* SplitArguments.swift */ = {isa = PBXFileReference; lastKnownFileType = sourcecode.swift; path = SplitArguments.swift; sourceTree = "<group>"; };
		OBJ_88 /* HelpCommand.swift */ = {isa = PBXFileReference; lastKnownFileType = sourcecode.swift; path = HelpCommand.swift; sourceTree = "<group>"; };
		OBJ_89 /* HelpGenerator.swift */ = {isa = PBXFileReference; lastKnownFileType = sourcecode.swift; path = HelpGenerator.swift; sourceTree = "<group>"; };
		OBJ_9 /* main.swift */ = {isa = PBXFileReference; lastKnownFileType = sourcecode.swift; path = main.swift; sourceTree = "<group>"; };
		OBJ_90 /* MessageInfo.swift */ = {isa = PBXFileReference; lastKnownFileType = sourcecode.swift; path = MessageInfo.swift; sourceTree = "<group>"; };
		OBJ_91 /* UsageGenerator.swift */ = {isa = PBXFileReference; lastKnownFileType = sourcecode.swift; path = UsageGenerator.swift; sourceTree = "<group>"; };
		OBJ_93 /* SequenceExtensions.swift */ = {isa = PBXFileReference; lastKnownFileType = sourcecode.swift; path = SequenceExtensions.swift; sourceTree = "<group>"; };
		OBJ_94 /* StringExtensions.swift */ = {isa = PBXFileReference; lastKnownFileType = sourcecode.swift; path = StringExtensions.swift; sourceTree = "<group>"; };
		OBJ_95 /* Tree.swift */ = {isa = PBXFileReference; lastKnownFileType = sourcecode.swift; path = Tree.swift; sourceTree = "<group>"; };
		OBJ_96 /* Package.swift */ = {isa = PBXFileReference; explicitFileType = sourcecode.swift; name = Package.swift; path = "/Users/sakiyamak/Documents/github/ios/001_Library/Pui/.build/checkouts/swift-argument-parser/Package.swift"; sourceTree = "<group>"; };
		OBJ_99 /* YAMLOperators.swift */ = {isa = PBXFileReference; lastKnownFileType = sourcecode.swift; path = YAMLOperators.swift; sourceTree = "<group>"; };
		"Pui::Pui::Product" /* Pui */ = {isa = PBXFileReference; lastKnownFileType = text; path = Pui; sourceTree = BUILT_PRODUCTS_DIR; };
		"Pui::PuiCore::Product" /* PuiCore.framework */ = {isa = PBXFileReference; lastKnownFileType = wrapper.framework; path = PuiCore.framework; sourceTree = BUILT_PRODUCTS_DIR; };
		"Pui::PuiTests::Product" /* PuiTests.xctest */ = {isa = PBXFileReference; lastKnownFileType = file; path = PuiTests.xctest; sourceTree = BUILT_PRODUCTS_DIR; };
		"SwiftShell::SwiftShell::Product" /* SwiftShell.framework */ = {isa = PBXFileReference; lastKnownFileType = wrapper.framework; path = SwiftShell.framework; sourceTree = BUILT_PRODUCTS_DIR; };
		"Yaml::Yaml::Product" /* Yaml.framework */ = {isa = PBXFileReference; lastKnownFileType = wrapper.framework; path = Yaml.framework; sourceTree = BUILT_PRODUCTS_DIR; };
		"swift-argument-parser::ArgumentParser::Product" /* ArgumentParser.framework */ = {isa = PBXFileReference; lastKnownFileType = wrapper.framework; path = ArgumentParser.framework; sourceTree = BUILT_PRODUCTS_DIR; };
/* End PBXFileReference section */

/* Begin PBXFrameworksBuildPhase section */
		OBJ_153 /* Frameworks */ = {
			isa = PBXFrameworksBuildPhase;
			buildActionMask = 0;
			files = (
			);
			runOnlyForDeploymentPostprocessing = 0;
		};
		OBJ_160 /* Frameworks */ = {
			isa = PBXFrameworksBuildPhase;
			buildActionMask = 0;
			files = (
				OBJ_161 /* PuiCore.framework in Frameworks */,
				OBJ_162 /* SwiftShell.framework in Frameworks */,
				OBJ_163 /* Yaml.framework in Frameworks */,
				OBJ_164 /* ArgumentParser.framework in Frameworks */,
			);
			runOnlyForDeploymentPostprocessing = 0;
		};
		OBJ_191 /* Frameworks */ = {
			isa = PBXFrameworksBuildPhase;
			buildActionMask = 0;
			files = (
				OBJ_192 /* SwiftShell.framework in Frameworks */,
				OBJ_193 /* Yaml.framework in Frameworks */,
				OBJ_194 /* ArgumentParser.framework in Frameworks */,
			);
			runOnlyForDeploymentPostprocessing = 0;
		};
		OBJ_216 /* Frameworks */ = {
			isa = PBXFrameworksBuildPhase;
			buildActionMask = 0;
			files = (
				OBJ_217 /* PuiCore.framework in Frameworks */,
				OBJ_218 /* SwiftShell.framework in Frameworks */,
				OBJ_219 /* Yaml.framework in Frameworks */,
				OBJ_220 /* ArgumentParser.framework in Frameworks */,
			);
			runOnlyForDeploymentPostprocessing = 0;
		};
		OBJ_238 /* Frameworks */ = {
			isa = PBXFrameworksBuildPhase;
			buildActionMask = 0;
			files = (
			);
			runOnlyForDeploymentPostprocessing = 0;
		};
		OBJ_255 /* Frameworks */ = {
			isa = PBXFrameworksBuildPhase;
			buildActionMask = 0;
			files = (
			);
			runOnlyForDeploymentPostprocessing = 0;
		};
/* End PBXFrameworksBuildPhase section */

/* Begin PBXGroup section */
		OBJ_10 /* PuiCore */ = {
			isa = PBXGroup;
			children = (
				OBJ_11 /* Component */,
				OBJ_13 /* Error */,
				OBJ_15 /* Extension */,
				OBJ_17 /* Paramter */,
				OBJ_20 /* PuiCore.swift */,
				OBJ_21 /* Template */,
				OBJ_26 /* Utility */,
				OBJ_30 /* Yaml */,
			);
			name = PuiCore;
			path = Sources/PuiCore;
			sourceTree = SOURCE_ROOT;
		};
		OBJ_106 /* Products */ = {
			isa = PBXGroup;
			children = (
				"swift-argument-parser::ArgumentParser::Product" /* ArgumentParser.framework */,
				"Pui::PuiTests::Product" /* PuiTests.xctest */,
				"Pui::Pui::Product" /* Pui */,
				"Yaml::Yaml::Product" /* Yaml.framework */,
				"Pui::PuiCore::Product" /* PuiCore.framework */,
				"SwiftShell::SwiftShell::Product" /* SwiftShell.framework */,
			);
			name = Products;
			sourceTree = BUILT_PRODUCTS_DIR;
		};
		OBJ_11 /* Component */ = {
			isa = PBXGroup;
			children = (
				OBJ_12 /* Component.swift */,
			);
			path = Component;
			sourceTree = "<group>";
		};
		OBJ_13 /* Error */ = {
			isa = PBXGroup;
			children = (
				OBJ_14 /* PuiError.swift */,
			);
			path = Error;
			sourceTree = "<group>";
		};
		OBJ_15 /* Extension */ = {
			isa = PBXGroup;
			children = (
				OBJ_16 /* String+.swift */,
			);
			path = Extension;
			sourceTree = "<group>";
		};
		OBJ_17 /* Paramter */ = {
			isa = PBXGroup;
			children = (
				OBJ_18 /* ArchitectureType.swift */,
				OBJ_19 /* CommandType.swift */,
			);
			path = Paramter;
			sourceTree = "<group>";
		};
		OBJ_21 /* Template */ = {
			isa = PBXGroup;
			children = (
				OBJ_22 /* MVC */,
				OBJ_25 /* Template.swift */,
			);
			path = Template;
			sourceTree = "<group>";
		};
		OBJ_22 /* MVC */ = {
			isa = PBXGroup;
			children = (
				OBJ_23 /* MVCViewControllerTemplate.swift */,
				OBJ_24 /* MVCViewTemplate.swift */,
				B610EF4025D976EC00F6E363 /* MVCStoryboardTemplate.swift */,
				B610EF5025D9777400F6E363 /* MVCXibTemplate.swift */,
			);
			path = MVC;
			sourceTree = "<group>";
		};
		OBJ_26 /* Utility */ = {
			isa = PBXGroup;
			children = (
				OBJ_27 /* Bash.swift */,
				OBJ_28 /* FileOperator.swift */,
				OBJ_29 /* Helper.swift */,
			);
			path = Utility;
			sourceTree = "<group>";
		};
		OBJ_30 /* Yaml */ = {
			isa = PBXGroup;
			children = (
				OBJ_31 /* YamlReadableType.swift */,
				OBJ_32 /* YamlReader.swift */,
				OBJ_33 /* YamlResource.swift */,
			);
			path = Yaml;
			sourceTree = "<group>";
		};
		OBJ_34 /* Tests */ = {
			isa = PBXGroup;
			children = (
				OBJ_35 /* PuiTests */,
			);
			name = Tests;
			sourceTree = SOURCE_ROOT;
		};
		OBJ_35 /* PuiTests */ = {
			isa = PBXGroup;
			children = (
				OBJ_36 /* PuiTests.swift */,
				OBJ_37 /* XCTestManifests.swift */,
			);
			name = PuiTests;
			path = Tests/PuiTests;
			sourceTree = SOURCE_ROOT;
		};
		OBJ_38 /* Dependencies */ = {
			isa = PBXGroup;
			children = (
				OBJ_39 /* SwiftShell 5.1.0 */,
				OBJ_53 /* swift-argument-parser 0.3.2 */,
				OBJ_97 /* Yaml 3.4.4 */,
			);
			name = Dependencies;
			sourceTree = "<group>";
		};
		OBJ_39 /* SwiftShell 5.1.0 */ = {
			isa = PBXGroup;
			children = (
				OBJ_40 /* SwiftShell */,
				OBJ_52 /* Package.swift */,
			);
			name = "SwiftShell 5.1.0";
			sourceTree = SOURCE_ROOT;
		};
		OBJ_40 /* SwiftShell */ = {
			isa = PBXGroup;
			children = (
				OBJ_41 /* Bash.swift */,
				OBJ_42 /* Command.swift */,
				OBJ_43 /* Context.swift */,
				OBJ_44 /* Files.swift */,
				OBJ_45 /* General */,
				OBJ_47 /* Process.swift */,
				OBJ_48 /* Stream */,
				OBJ_51 /* String.swift */,
			);
			name = SwiftShell;
			path = .build/checkouts/SwiftShell/Sources/SwiftShell;
			sourceTree = SOURCE_ROOT;
		};
		OBJ_45 /* General */ = {
			isa = PBXGroup;
			children = (
				OBJ_46 /* Array.swift */,
			);
			path = General;
			sourceTree = "<group>";
		};
		OBJ_48 /* Stream */ = {
			isa = PBXGroup;
			children = (
				OBJ_49 /* Lazy-split.swift */,
				OBJ_50 /* Stream.swift */,
			);
			path = Stream;
			sourceTree = "<group>";
		};
		OBJ_5 /*  */ = {
			isa = PBXGroup;
			children = (
				OBJ_6 /* Package.swift */,
				OBJ_7 /* Sources */,
				OBJ_34 /* Tests */,
				OBJ_38 /* Dependencies */,
				OBJ_106 /* Products */,
			);
			name = "";
			sourceTree = "<group>";
		};
		OBJ_53 /* swift-argument-parser 0.3.2 */ = {
			isa = PBXGroup;
			children = (
				OBJ_54 /* ArgumentParser */,
				OBJ_96 /* Package.swift */,
			);
			name = "swift-argument-parser 0.3.2";
			sourceTree = SOURCE_ROOT;
		};
		OBJ_54 /* ArgumentParser */ = {
			isa = PBXGroup;
			children = (
				OBJ_55 /* Completions */,
				OBJ_60 /* Parsable Properties */,
				OBJ_69 /* Parsable Types */,
				OBJ_76 /* Parsing */,
				OBJ_87 /* Usage */,
				OBJ_92 /* Utilities */,
			);
			name = ArgumentParser;
			path = ".build/checkouts/swift-argument-parser/Sources/ArgumentParser";
			sourceTree = SOURCE_ROOT;
		};
		OBJ_55 /* Completions */ = {
			isa = PBXGroup;
			children = (
				OBJ_56 /* BashCompletionsGenerator.swift */,
				OBJ_57 /* CompletionsGenerator.swift */,
				OBJ_58 /* FishCompletionsGenerator.swift */,
				OBJ_59 /* ZshCompletionsGenerator.swift */,
			);
			path = Completions;
			sourceTree = "<group>";
		};
		OBJ_60 /* Parsable Properties */ = {
			isa = PBXGroup;
			children = (
				OBJ_61 /* Argument.swift */,
				OBJ_62 /* ArgumentHelp.swift */,
				OBJ_63 /* CompletionKind.swift */,
				OBJ_64 /* Errors.swift */,
				OBJ_65 /* Flag.swift */,
				OBJ_66 /* NameSpecification.swift */,
				OBJ_67 /* Option.swift */,
				OBJ_68 /* OptionGroup.swift */,
			);
			path = "Parsable Properties";
			sourceTree = "<group>";
		};
		OBJ_69 /* Parsable Types */ = {
			isa = PBXGroup;
			children = (
				OBJ_70 /* CommandConfiguration.swift */,
				OBJ_71 /* EnumerableFlag.swift */,
				OBJ_72 /* ExpressibleByArgument.swift */,
				OBJ_73 /* ParsableArguments.swift */,
				OBJ_74 /* ParsableArgumentsValidation.swift */,
				OBJ_75 /* ParsableCommand.swift */,
			);
			path = "Parsable Types";
			sourceTree = "<group>";
		};
		OBJ_7 /* Sources */ = {
			isa = PBXGroup;
			children = (
				OBJ_8 /* Pui */,
				OBJ_10 /* PuiCore */,
			);
			name = Sources;
			sourceTree = SOURCE_ROOT;
		};
		OBJ_76 /* Parsing */ = {
			isa = PBXGroup;
			children = (
				OBJ_77 /* ArgumentDecoder.swift */,
				OBJ_78 /* ArgumentDefinition.swift */,
				OBJ_79 /* ArgumentSet.swift */,
				OBJ_80 /* CommandParser.swift */,
				OBJ_81 /* InputOrigin.swift */,
				OBJ_82 /* Name.swift */,
				OBJ_83 /* Parsed.swift */,
				OBJ_84 /* ParsedValues.swift */,
				OBJ_85 /* ParserError.swift */,
				OBJ_86 /* SplitArguments.swift */,
			);
			path = Parsing;
			sourceTree = "<group>";
		};
		OBJ_8 /* Pui */ = {
			isa = PBXGroup;
			children = (
				OBJ_9 /* main.swift */,
			);
			name = Pui;
			path = Sources/Pui;
			sourceTree = SOURCE_ROOT;
		};
		OBJ_87 /* Usage */ = {
			isa = PBXGroup;
			children = (
				OBJ_88 /* HelpCommand.swift */,
				OBJ_89 /* HelpGenerator.swift */,
				OBJ_90 /* MessageInfo.swift */,
				OBJ_91 /* UsageGenerator.swift */,
			);
			path = Usage;
			sourceTree = "<group>";
		};
		OBJ_92 /* Utilities */ = {
			isa = PBXGroup;
			children = (
				OBJ_93 /* SequenceExtensions.swift */,
				OBJ_94 /* StringExtensions.swift */,
				OBJ_95 /* Tree.swift */,
			);
			path = Utilities;
			sourceTree = "<group>";
		};
		OBJ_97 /* Yaml 3.4.4 */ = {
			isa = PBXGroup;
			children = (
				OBJ_98 /* Yaml */,
				OBJ_105 /* Package.swift */,
			);
			name = "Yaml 3.4.4";
			sourceTree = SOURCE_ROOT;
		};
		OBJ_98 /* Yaml */ = {
			isa = PBXGroup;
			children = (
				OBJ_99 /* YAMLOperators.swift */,
				OBJ_100 /* YAMLParser.swift */,
				OBJ_101 /* YAMLRegex.swift */,
				OBJ_102 /* YAMLResult.swift */,
				OBJ_103 /* YAMLTokenizer.swift */,
				OBJ_104 /* Yaml.swift */,
			);
			name = Yaml;
			path = .build/checkouts/YamlSwift/Sources/Yaml;
			sourceTree = SOURCE_ROOT;
		};
/* End PBXGroup section */

/* Begin PBXNativeTarget section */
		"Pui::Pui" /* Pui */ = {
			isa = PBXNativeTarget;
			buildConfigurationList = OBJ_155 /* Build configuration list for PBXNativeTarget "Pui" */;
			buildPhases = (
				OBJ_158 /* Sources */,
				OBJ_160 /* Frameworks */,
			);
			buildRules = (
			);
			dependencies = (
				OBJ_165 /* PBXTargetDependency */,
				OBJ_167 /* PBXTargetDependency */,
				OBJ_169 /* PBXTargetDependency */,
				OBJ_171 /* PBXTargetDependency */,
			);
			name = Pui;
			productName = Pui;
			productReference = "Pui::Pui::Product" /* Pui */;
			productType = "com.apple.product-type.tool";
		};
		"Pui::PuiCore" /* PuiCore */ = {
			isa = PBXNativeTarget;
			buildConfigurationList = OBJ_172 /* Build configuration list for PBXNativeTarget "PuiCore" */;
			buildPhases = (
				OBJ_175 /* Sources */,
				OBJ_191 /* Frameworks */,
			);
			buildRules = (
			);
			dependencies = (
				OBJ_195 /* PBXTargetDependency */,
				OBJ_196 /* PBXTargetDependency */,
				OBJ_197 /* PBXTargetDependency */,
			);
			name = PuiCore;
			productName = PuiCore;
			productReference = "Pui::PuiCore::Product" /* PuiCore.framework */;
			productType = "com.apple.product-type.framework";
		};
		"Pui::PuiTests" /* PuiTests */ = {
			isa = PBXNativeTarget;
			buildConfigurationList = OBJ_210 /* Build configuration list for PBXNativeTarget "PuiTests" */;
			buildPhases = (
				OBJ_213 /* Sources */,
				OBJ_216 /* Frameworks */,
			);
			buildRules = (
			);
			dependencies = (
				OBJ_221 /* PBXTargetDependency */,
				OBJ_222 /* PBXTargetDependency */,
				OBJ_223 /* PBXTargetDependency */,
				OBJ_224 /* PBXTargetDependency */,
			);
			name = PuiTests;
			productName = PuiTests;
			productReference = "Pui::PuiTests::Product" /* PuiTests.xctest */;
			productType = "com.apple.product-type.bundle.unit-test";
		};
		"Pui::SwiftPMPackageDescription" /* PuiPackageDescription */ = {
			isa = PBXNativeTarget;
			buildConfigurationList = OBJ_199 /* Build configuration list for PBXNativeTarget "PuiPackageDescription" */;
			buildPhases = (
				OBJ_202 /* Sources */,
			);
			buildRules = (
			);
			dependencies = (
			);
			name = PuiPackageDescription;
			productName = PuiPackageDescription;
			productType = "com.apple.product-type.framework";
		};
		"SwiftShell::SwiftPMPackageDescription" /* SwiftShellPackageDescription */ = {
			isa = PBXNativeTarget;
			buildConfigurationList = OBJ_240 /* Build configuration list for PBXNativeTarget "SwiftShellPackageDescription" */;
			buildPhases = (
				OBJ_243 /* Sources */,
			);
			buildRules = (
			);
			dependencies = (
			);
			name = SwiftShellPackageDescription;
			productName = SwiftShellPackageDescription;
			productType = "com.apple.product-type.framework";
		};
		"SwiftShell::SwiftShell" /* SwiftShell */ = {
			isa = PBXNativeTarget;
			buildConfigurationList = OBJ_225 /* Build configuration list for PBXNativeTarget "SwiftShell" */;
			buildPhases = (
				OBJ_228 /* Sources */,
				OBJ_238 /* Frameworks */,
			);
			buildRules = (
			);
			dependencies = (
			);
			name = SwiftShell;
			productName = SwiftShell;
			productReference = "SwiftShell::SwiftShell::Product" /* SwiftShell.framework */;
			productType = "com.apple.product-type.framework";
		};
		"Yaml::SwiftPMPackageDescription" /* YamlPackageDescription */ = {
			isa = PBXNativeTarget;
			buildConfigurationList = OBJ_257 /* Build configuration list for PBXNativeTarget "YamlPackageDescription" */;
			buildPhases = (
				OBJ_260 /* Sources */,
			);
			buildRules = (
			);
			dependencies = (
			);
			name = YamlPackageDescription;
			productName = YamlPackageDescription;
			productType = "com.apple.product-type.framework";
		};
		"Yaml::Yaml" /* Yaml */ = {
			isa = PBXNativeTarget;
			buildConfigurationList = OBJ_245 /* Build configuration list for PBXNativeTarget "Yaml" */;
			buildPhases = (
				OBJ_248 /* Sources */,
				OBJ_255 /* Frameworks */,
			);
			buildRules = (
			);
			dependencies = (
			);
			name = Yaml;
			productName = Yaml;
			productReference = "Yaml::Yaml::Product" /* Yaml.framework */;
			productType = "com.apple.product-type.framework";
		};
		"swift-argument-parser::ArgumentParser" /* ArgumentParser */ = {
			isa = PBXNativeTarget;
			buildConfigurationList = OBJ_114 /* Build configuration list for PBXNativeTarget "ArgumentParser" */;
			buildPhases = (
				OBJ_117 /* Sources */,
				OBJ_153 /* Frameworks */,
			);
			buildRules = (
			);
			dependencies = (
			);
			name = ArgumentParser;
			productName = ArgumentParser;
			productReference = "swift-argument-parser::ArgumentParser::Product" /* ArgumentParser.framework */;
			productType = "com.apple.product-type.framework";
		};
		"swift-argument-parser::SwiftPMPackageDescription" /* swift-argument-parserPackageDescription */ = {
			isa = PBXNativeTarget;
			buildConfigurationList = OBJ_268 /* Build configuration list for PBXNativeTarget "swift-argument-parserPackageDescription" */;
			buildPhases = (
				OBJ_271 /* Sources */,
			);
			buildRules = (
			);
			dependencies = (
			);
			name = "swift-argument-parserPackageDescription";
			productName = "swift-argument-parserPackageDescription";
			productType = "com.apple.product-type.framework";
		};
/* End PBXNativeTarget section */

/* Begin PBXProject section */
		OBJ_1 /* Project object */ = {
			isa = PBXProject;
			attributes = {
				LastSwiftMigration = 9999;
				LastUpgradeCheck = 9999;
			};
			buildConfigurationList = OBJ_2 /* Build configuration list for PBXProject "Pui" */;
			compatibilityVersion = "Xcode 3.2";
			developmentRegion = en;
			hasScannedForEncodings = 0;
			knownRegions = (
				en,
			);
			mainGroup = OBJ_5 /*  */;
			productRefGroup = OBJ_106 /* Products */;
			projectDirPath = "";
			projectRoot = "";
			targets = (
				"swift-argument-parser::ArgumentParser" /* ArgumentParser */,
				"Pui::Pui" /* Pui */,
				"Pui::PuiCore" /* PuiCore */,
				"Pui::SwiftPMPackageDescription" /* PuiPackageDescription */,
				"Pui::PuiPackageTests::ProductTarget" /* PuiPackageTests */,
				"Pui::PuiTests" /* PuiTests */,
				"SwiftShell::SwiftShell" /* SwiftShell */,
				"SwiftShell::SwiftPMPackageDescription" /* SwiftShellPackageDescription */,
				"Yaml::Yaml" /* Yaml */,
				"Yaml::SwiftPMPackageDescription" /* YamlPackageDescription */,
				"Pui::pui::ProductTarget" /* pui */,
				"swift-argument-parser::SwiftPMPackageDescription" /* swift-argument-parserPackageDescription */,
			);
		};
/* End PBXProject section */

/* Begin PBXSourcesBuildPhase section */
		OBJ_117 /* Sources */ = {
			isa = PBXSourcesBuildPhase;
			buildActionMask = 0;
			files = (
				OBJ_118 /* BashCompletionsGenerator.swift in Sources */,
				OBJ_119 /* CompletionsGenerator.swift in Sources */,
				OBJ_120 /* FishCompletionsGenerator.swift in Sources */,
				OBJ_121 /* ZshCompletionsGenerator.swift in Sources */,
				OBJ_122 /* Argument.swift in Sources */,
				OBJ_123 /* ArgumentHelp.swift in Sources */,
				OBJ_124 /* CompletionKind.swift in Sources */,
				OBJ_125 /* Errors.swift in Sources */,
				OBJ_126 /* Flag.swift in Sources */,
				OBJ_127 /* NameSpecification.swift in Sources */,
				OBJ_128 /* Option.swift in Sources */,
				OBJ_129 /* OptionGroup.swift in Sources */,
				OBJ_130 /* CommandConfiguration.swift in Sources */,
				OBJ_131 /* EnumerableFlag.swift in Sources */,
				OBJ_132 /* ExpressibleByArgument.swift in Sources */,
				OBJ_133 /* ParsableArguments.swift in Sources */,
				OBJ_134 /* ParsableArgumentsValidation.swift in Sources */,
				OBJ_135 /* ParsableCommand.swift in Sources */,
				OBJ_136 /* ArgumentDecoder.swift in Sources */,
				OBJ_137 /* ArgumentDefinition.swift in Sources */,
				OBJ_138 /* ArgumentSet.swift in Sources */,
				OBJ_139 /* CommandParser.swift in Sources */,
				OBJ_140 /* InputOrigin.swift in Sources */,
				OBJ_141 /* Name.swift in Sources */,
				OBJ_142 /* Parsed.swift in Sources */,
				OBJ_143 /* ParsedValues.swift in Sources */,
				OBJ_144 /* ParserError.swift in Sources */,
				OBJ_145 /* SplitArguments.swift in Sources */,
				OBJ_146 /* HelpCommand.swift in Sources */,
				OBJ_147 /* HelpGenerator.swift in Sources */,
				OBJ_148 /* MessageInfo.swift in Sources */,
				OBJ_149 /* UsageGenerator.swift in Sources */,
				OBJ_150 /* SequenceExtensions.swift in Sources */,
				OBJ_151 /* StringExtensions.swift in Sources */,
				OBJ_152 /* Tree.swift in Sources */,
			);
			runOnlyForDeploymentPostprocessing = 0;
		};
		OBJ_158 /* Sources */ = {
			isa = PBXSourcesBuildPhase;
			buildActionMask = 0;
			files = (
				OBJ_159 /* main.swift in Sources */,
			);
			runOnlyForDeploymentPostprocessing = 0;
		};
		OBJ_175 /* Sources */ = {
			isa = PBXSourcesBuildPhase;
			buildActionMask = 0;
			files = (
				OBJ_176 /* Component.swift in Sources */,
				B610EF4125D976EC00F6E363 /* MVCStoryboardTemplate.swift in Sources */,
				OBJ_177 /* PuiError.swift in Sources */,
				OBJ_178 /* String+.swift in Sources */,
				OBJ_179 /* ArchitectureType.swift in Sources */,
				OBJ_180 /* CommandType.swift in Sources */,
				B610EF5125D9777400F6E363 /* MVCXibTemplate.swift in Sources */,
				OBJ_181 /* PuiCore.swift in Sources */,
				OBJ_182 /* MVCViewControllerTemplate.swift in Sources */,
				OBJ_183 /* MVCViewTemplate.swift in Sources */,
				OBJ_184 /* Template.swift in Sources */,
				OBJ_185 /* Bash.swift in Sources */,
				OBJ_186 /* FileOperator.swift in Sources */,
				OBJ_187 /* Helper.swift in Sources */,
				OBJ_188 /* YamlReadableType.swift in Sources */,
				OBJ_189 /* YamlReader.swift in Sources */,
				OBJ_190 /* YamlResource.swift in Sources */,
			);
			runOnlyForDeploymentPostprocessing = 0;
		};
		OBJ_202 /* Sources */ = {
			isa = PBXSourcesBuildPhase;
			buildActionMask = 0;
			files = (
				OBJ_203 /* Package.swift in Sources */,
			);
			runOnlyForDeploymentPostprocessing = 0;
		};
		OBJ_213 /* Sources */ = {
			isa = PBXSourcesBuildPhase;
			buildActionMask = 0;
			files = (
				OBJ_214 /* PuiTests.swift in Sources */,
				OBJ_215 /* XCTestManifests.swift in Sources */,
			);
			runOnlyForDeploymentPostprocessing = 0;
		};
		OBJ_228 /* Sources */ = {
			isa = PBXSourcesBuildPhase;
			buildActionMask = 0;
			files = (
				OBJ_229 /* Bash.swift in Sources */,
				OBJ_230 /* Command.swift in Sources */,
				OBJ_231 /* Context.swift in Sources */,
				OBJ_232 /* Files.swift in Sources */,
				OBJ_233 /* Array.swift in Sources */,
				OBJ_234 /* Process.swift in Sources */,
				OBJ_235 /* Lazy-split.swift in Sources */,
				OBJ_236 /* Stream.swift in Sources */,
				OBJ_237 /* String.swift in Sources */,
			);
			runOnlyForDeploymentPostprocessing = 0;
		};
		OBJ_243 /* Sources */ = {
			isa = PBXSourcesBuildPhase;
			buildActionMask = 0;
			files = (
				OBJ_244 /* Package.swift in Sources */,
			);
			runOnlyForDeploymentPostprocessing = 0;
		};
		OBJ_248 /* Sources */ = {
			isa = PBXSourcesBuildPhase;
			buildActionMask = 0;
			files = (
				OBJ_249 /* YAMLOperators.swift in Sources */,
				OBJ_250 /* YAMLParser.swift in Sources */,
				OBJ_251 /* YAMLRegex.swift in Sources */,
				OBJ_252 /* YAMLResult.swift in Sources */,
				OBJ_253 /* YAMLTokenizer.swift in Sources */,
				OBJ_254 /* Yaml.swift in Sources */,
			);
			runOnlyForDeploymentPostprocessing = 0;
		};
		OBJ_260 /* Sources */ = {
			isa = PBXSourcesBuildPhase;
			buildActionMask = 0;
			files = (
				OBJ_261 /* Package.swift in Sources */,
			);
			runOnlyForDeploymentPostprocessing = 0;
		};
		OBJ_271 /* Sources */ = {
			isa = PBXSourcesBuildPhase;
			buildActionMask = 0;
			files = (
				OBJ_272 /* Package.swift in Sources */,
			);
			runOnlyForDeploymentPostprocessing = 0;
		};
/* End PBXSourcesBuildPhase section */

/* Begin PBXTargetDependency section */
		OBJ_165 /* PBXTargetDependency */ = {
			isa = PBXTargetDependency;
			target = "Pui::PuiCore" /* PuiCore */;
			targetProxy = B610EF3825D9610500F6E363 /* PBXContainerItemProxy */;
		};
		OBJ_167 /* PBXTargetDependency */ = {
			isa = PBXTargetDependency;
			target = "SwiftShell::SwiftShell" /* SwiftShell */;
			targetProxy = B610EF3925D9610500F6E363 /* PBXContainerItemProxy */;
		};
		OBJ_169 /* PBXTargetDependency */ = {
			isa = PBXTargetDependency;
			target = "Yaml::Yaml" /* Yaml */;
			targetProxy = B610EF3A25D9610500F6E363 /* PBXContainerItemProxy */;
		};
		OBJ_171 /* PBXTargetDependency */ = {
			isa = PBXTargetDependency;
			target = "swift-argument-parser::ArgumentParser" /* ArgumentParser */;
			targetProxy = B610EF3B25D9610500F6E363 /* PBXContainerItemProxy */;
		};
		OBJ_195 /* PBXTargetDependency */ = {
			isa = PBXTargetDependency;
			target = "SwiftShell::SwiftShell" /* SwiftShell */;
			targetProxy = B610EF3525D9610500F6E363 /* PBXContainerItemProxy */;
		};
		OBJ_196 /* PBXTargetDependency */ = {
			isa = PBXTargetDependency;
			target = "Yaml::Yaml" /* Yaml */;
			targetProxy = B610EF3625D9610500F6E363 /* PBXContainerItemProxy */;
		};
		OBJ_197 /* PBXTargetDependency */ = {
			isa = PBXTargetDependency;
			target = "swift-argument-parser::ArgumentParser" /* ArgumentParser */;
			targetProxy = B610EF3725D9610500F6E363 /* PBXContainerItemProxy */;
		};
		OBJ_208 /* PBXTargetDependency */ = {
			isa = PBXTargetDependency;
			target = "Pui::PuiTests" /* PuiTests */;
			targetProxy = B610EF4625D976EC00F6E363 /* PBXContainerItemProxy */;
		};
		OBJ_221 /* PBXTargetDependency */ = {
			isa = PBXTargetDependency;
			target = "Pui::PuiCore" /* PuiCore */;
			targetProxy = B610EF3C25D9610500F6E363 /* PBXContainerItemProxy */;
		};
		OBJ_222 /* PBXTargetDependency */ = {
			isa = PBXTargetDependency;
			target = "SwiftShell::SwiftShell" /* SwiftShell */;
			targetProxy = B610EF3D25D9610500F6E363 /* PBXContainerItemProxy */;
		};
		OBJ_223 /* PBXTargetDependency */ = {
			isa = PBXTargetDependency;
			target = "Yaml::Yaml" /* Yaml */;
			targetProxy = B610EF3E25D9610500F6E363 /* PBXContainerItemProxy */;
		};
		OBJ_224 /* PBXTargetDependency */ = {
			isa = PBXTargetDependency;
			target = "swift-argument-parser::ArgumentParser" /* ArgumentParser */;
			targetProxy = B610EF3F25D9610500F6E363 /* PBXContainerItemProxy */;
		};
		OBJ_266 /* PBXTargetDependency */ = {
			isa = PBXTargetDependency;
			target = "Pui::Pui" /* Pui */;
			targetProxy = B610EF4D25D976EC00F6E363 /* PBXContainerItemProxy */;
		};
/* End PBXTargetDependency section */

/* Begin XCBuildConfiguration section */
		OBJ_115 /* Debug */ = {
			isa = XCBuildConfiguration;
			buildSettings = {
				ENABLE_TESTABILITY = YES;
				FRAMEWORK_SEARCH_PATHS = (
					"$(inherited)",
					"$(PLATFORM_DIR)/Developer/Library/Frameworks",
				);
				HEADER_SEARCH_PATHS = "$(inherited)";
				INFOPLIST_FILE = Pui.xcodeproj/ArgumentParser_Info.plist;
				IPHONEOS_DEPLOYMENT_TARGET = 9.0;
				LD_RUNPATH_SEARCH_PATHS = "$(inherited) $(TOOLCHAIN_DIR)/usr/lib/swift/macosx";
				MACOSX_DEPLOYMENT_TARGET = 10.10;
				OTHER_CFLAGS = "$(inherited)";
				OTHER_LDFLAGS = "$(inherited)";
				OTHER_SWIFT_FLAGS = "$(inherited)";
				PRODUCT_BUNDLE_IDENTIFIER = ArgumentParser;
				PRODUCT_MODULE_NAME = "$(TARGET_NAME:c99extidentifier)";
				PRODUCT_NAME = "$(TARGET_NAME:c99extidentifier)";
				SKIP_INSTALL = YES;
				SWIFT_ACTIVE_COMPILATION_CONDITIONS = "$(inherited)";
				SWIFT_VERSION = 5.0;
				TARGET_NAME = ArgumentParser;
				TVOS_DEPLOYMENT_TARGET = 9.0;
				WATCHOS_DEPLOYMENT_TARGET = 2.0;
			};
			name = Debug;
		};
		OBJ_116 /* Release */ = {
			isa = XCBuildConfiguration;
			buildSettings = {
				ENABLE_TESTABILITY = YES;
				FRAMEWORK_SEARCH_PATHS = (
					"$(inherited)",
					"$(PLATFORM_DIR)/Developer/Library/Frameworks",
				);
				HEADER_SEARCH_PATHS = "$(inherited)";
				INFOPLIST_FILE = Pui.xcodeproj/ArgumentParser_Info.plist;
				IPHONEOS_DEPLOYMENT_TARGET = 9.0;
				LD_RUNPATH_SEARCH_PATHS = "$(inherited) $(TOOLCHAIN_DIR)/usr/lib/swift/macosx";
				MACOSX_DEPLOYMENT_TARGET = 10.10;
				OTHER_CFLAGS = "$(inherited)";
				OTHER_LDFLAGS = "$(inherited)";
				OTHER_SWIFT_FLAGS = "$(inherited)";
				PRODUCT_BUNDLE_IDENTIFIER = ArgumentParser;
				PRODUCT_MODULE_NAME = "$(TARGET_NAME:c99extidentifier)";
				PRODUCT_NAME = "$(TARGET_NAME:c99extidentifier)";
				SKIP_INSTALL = YES;
				SWIFT_ACTIVE_COMPILATION_CONDITIONS = "$(inherited)";
				SWIFT_VERSION = 5.0;
				TARGET_NAME = ArgumentParser;
				TVOS_DEPLOYMENT_TARGET = 9.0;
				WATCHOS_DEPLOYMENT_TARGET = 2.0;
			};
			name = Release;
		};
		OBJ_156 /* Debug */ = {
			isa = XCBuildConfiguration;
			buildSettings = {
				FRAMEWORK_SEARCH_PATHS = (
					"$(inherited)",
					"$(PLATFORM_DIR)/Developer/Library/Frameworks",
				);
				HEADER_SEARCH_PATHS = "$(inherited)";
				INFOPLIST_FILE = Pui.xcodeproj/Pui_Info.plist;
				IPHONEOS_DEPLOYMENT_TARGET = 9.0;
				LD_RUNPATH_SEARCH_PATHS = "$(inherited) $(TOOLCHAIN_DIR)/usr/lib/swift/macosx @executable_path";
				MACOSX_DEPLOYMENT_TARGET = 10.10;
				OTHER_CFLAGS = "$(inherited)";
				OTHER_LDFLAGS = "$(inherited)";
				OTHER_SWIFT_FLAGS = "$(inherited)";
				SWIFT_ACTIVE_COMPILATION_CONDITIONS = "$(inherited)";
				SWIFT_FORCE_DYNAMIC_LINK_STDLIB = YES;
				SWIFT_FORCE_STATIC_LINK_STDLIB = NO;
				SWIFT_VERSION = 5.0;
				TARGET_NAME = Pui;
				TVOS_DEPLOYMENT_TARGET = 9.0;
				WATCHOS_DEPLOYMENT_TARGET = 2.0;
			};
			name = Debug;
		};
		OBJ_157 /* Release */ = {
			isa = XCBuildConfiguration;
			buildSettings = {
				FRAMEWORK_SEARCH_PATHS = (
					"$(inherited)",
					"$(PLATFORM_DIR)/Developer/Library/Frameworks",
				);
				HEADER_SEARCH_PATHS = "$(inherited)";
				INFOPLIST_FILE = Pui.xcodeproj/Pui_Info.plist;
				IPHONEOS_DEPLOYMENT_TARGET = 9.0;
				LD_RUNPATH_SEARCH_PATHS = "$(inherited) $(TOOLCHAIN_DIR)/usr/lib/swift/macosx @executable_path";
				MACOSX_DEPLOYMENT_TARGET = 10.10;
				OTHER_CFLAGS = "$(inherited)";
				OTHER_LDFLAGS = "$(inherited)";
				OTHER_SWIFT_FLAGS = "$(inherited)";
				SWIFT_ACTIVE_COMPILATION_CONDITIONS = "$(inherited)";
				SWIFT_FORCE_DYNAMIC_LINK_STDLIB = YES;
				SWIFT_FORCE_STATIC_LINK_STDLIB = NO;
				SWIFT_VERSION = 5.0;
				TARGET_NAME = Pui;
				TVOS_DEPLOYMENT_TARGET = 9.0;
				WATCHOS_DEPLOYMENT_TARGET = 2.0;
			};
			name = Release;
		};
		OBJ_173 /* Debug */ = {
			isa = XCBuildConfiguration;
			buildSettings = {
				ENABLE_TESTABILITY = YES;
				FRAMEWORK_SEARCH_PATHS = (
					"$(inherited)",
					"$(PLATFORM_DIR)/Developer/Library/Frameworks",
				);
				HEADER_SEARCH_PATHS = "$(inherited)";
				INFOPLIST_FILE = Pui.xcodeproj/PuiCore_Info.plist;
				IPHONEOS_DEPLOYMENT_TARGET = 9.0;
				LD_RUNPATH_SEARCH_PATHS = "$(inherited) $(TOOLCHAIN_DIR)/usr/lib/swift/macosx";
				MACOSX_DEPLOYMENT_TARGET = 10.10;
				OTHER_CFLAGS = "$(inherited)";
				OTHER_LDFLAGS = "$(inherited)";
				OTHER_SWIFT_FLAGS = "$(inherited)";
				PRODUCT_BUNDLE_IDENTIFIER = PuiCore;
				PRODUCT_MODULE_NAME = "$(TARGET_NAME:c99extidentifier)";
				PRODUCT_NAME = "$(TARGET_NAME:c99extidentifier)";
				SKIP_INSTALL = YES;
				SWIFT_ACTIVE_COMPILATION_CONDITIONS = "$(inherited)";
				SWIFT_VERSION = 5.0;
				TARGET_NAME = PuiCore;
				TVOS_DEPLOYMENT_TARGET = 9.0;
				WATCHOS_DEPLOYMENT_TARGET = 2.0;
			};
			name = Debug;
		};
		OBJ_174 /* Release */ = {
			isa = XCBuildConfiguration;
			buildSettings = {
				ENABLE_TESTABILITY = YES;
				FRAMEWORK_SEARCH_PATHS = (
					"$(inherited)",
					"$(PLATFORM_DIR)/Developer/Library/Frameworks",
				);
				HEADER_SEARCH_PATHS = "$(inherited)";
				INFOPLIST_FILE = Pui.xcodeproj/PuiCore_Info.plist;
				IPHONEOS_DEPLOYMENT_TARGET = 9.0;
				LD_RUNPATH_SEARCH_PATHS = "$(inherited) $(TOOLCHAIN_DIR)/usr/lib/swift/macosx";
				MACOSX_DEPLOYMENT_TARGET = 10.10;
				OTHER_CFLAGS = "$(inherited)";
				OTHER_LDFLAGS = "$(inherited)";
				OTHER_SWIFT_FLAGS = "$(inherited)";
				PRODUCT_BUNDLE_IDENTIFIER = PuiCore;
				PRODUCT_MODULE_NAME = "$(TARGET_NAME:c99extidentifier)";
				PRODUCT_NAME = "$(TARGET_NAME:c99extidentifier)";
				SKIP_INSTALL = YES;
				SWIFT_ACTIVE_COMPILATION_CONDITIONS = "$(inherited)";
				SWIFT_VERSION = 5.0;
				TARGET_NAME = PuiCore;
				TVOS_DEPLOYMENT_TARGET = 9.0;
				WATCHOS_DEPLOYMENT_TARGET = 2.0;
			};
			name = Release;
		};
		OBJ_200 /* Debug */ = {
			isa = XCBuildConfiguration;
			buildSettings = {
				LD = /usr/bin/true;
				OTHER_SWIFT_FLAGS = "-swift-version 5 -I $(TOOLCHAIN_DIR)/usr/lib/swift/pm/4_2 -sdk /Applications/Xcode.app/Contents/Developer/Platforms/MacOSX.platform/Developer/SDKs/MacOSX11.1.sdk -package-description-version 5.3.0";
				SWIFT_VERSION = 5.0;
			};
			name = Debug;
		};
		OBJ_201 /* Release */ = {
			isa = XCBuildConfiguration;
			buildSettings = {
				LD = /usr/bin/true;
				OTHER_SWIFT_FLAGS = "-swift-version 5 -I $(TOOLCHAIN_DIR)/usr/lib/swift/pm/4_2 -sdk /Applications/Xcode.app/Contents/Developer/Platforms/MacOSX.platform/Developer/SDKs/MacOSX11.1.sdk -package-description-version 5.3.0";
				SWIFT_VERSION = 5.0;
			};
			name = Release;
		};
		OBJ_206 /* Debug */ = {
			isa = XCBuildConfiguration;
			buildSettings = {
			};
			name = Debug;
		};
		OBJ_207 /* Release */ = {
			isa = XCBuildConfiguration;
			buildSettings = {
			};
			name = Release;
		};
		OBJ_211 /* Debug */ = {
			isa = XCBuildConfiguration;
			buildSettings = {
				CLANG_ENABLE_MODULES = YES;
				EMBEDDED_CONTENT_CONTAINS_SWIFT = YES;
				FRAMEWORK_SEARCH_PATHS = (
					"$(inherited)",
					"$(PLATFORM_DIR)/Developer/Library/Frameworks",
				);
				HEADER_SEARCH_PATHS = "$(inherited)";
				INFOPLIST_FILE = Pui.xcodeproj/PuiTests_Info.plist;
				IPHONEOS_DEPLOYMENT_TARGET = 14.0;
				LD_RUNPATH_SEARCH_PATHS = "$(inherited) @loader_path/../Frameworks @loader_path/Frameworks";
				MACOSX_DEPLOYMENT_TARGET = 10.15;
				OTHER_CFLAGS = "$(inherited)";
				OTHER_LDFLAGS = "$(inherited)";
				OTHER_SWIFT_FLAGS = "$(inherited)";
				SWIFT_ACTIVE_COMPILATION_CONDITIONS = "$(inherited)";
				SWIFT_VERSION = 5.0;
				TARGET_NAME = PuiTests;
				TVOS_DEPLOYMENT_TARGET = 9.0;
				WATCHOS_DEPLOYMENT_TARGET = 2.0;
			};
			name = Debug;
		};
		OBJ_212 /* Release */ = {
			isa = XCBuildConfiguration;
			buildSettings = {
				CLANG_ENABLE_MODULES = YES;
				EMBEDDED_CONTENT_CONTAINS_SWIFT = YES;
				FRAMEWORK_SEARCH_PATHS = (
					"$(inherited)",
					"$(PLATFORM_DIR)/Developer/Library/Frameworks",
				);
				HEADER_SEARCH_PATHS = "$(inherited)";
				INFOPLIST_FILE = Pui.xcodeproj/PuiTests_Info.plist;
				IPHONEOS_DEPLOYMENT_TARGET = 14.0;
				LD_RUNPATH_SEARCH_PATHS = "$(inherited) @loader_path/../Frameworks @loader_path/Frameworks";
				MACOSX_DEPLOYMENT_TARGET = 10.15;
				OTHER_CFLAGS = "$(inherited)";
				OTHER_LDFLAGS = "$(inherited)";
				OTHER_SWIFT_FLAGS = "$(inherited)";
				SWIFT_ACTIVE_COMPILATION_CONDITIONS = "$(inherited)";
				SWIFT_VERSION = 5.0;
				TARGET_NAME = PuiTests;
				TVOS_DEPLOYMENT_TARGET = 9.0;
				WATCHOS_DEPLOYMENT_TARGET = 2.0;
			};
			name = Release;
		};
		OBJ_226 /* Debug */ = {
			isa = XCBuildConfiguration;
			buildSettings = {
				ENABLE_TESTABILITY = YES;
				FRAMEWORK_SEARCH_PATHS = (
					"$(inherited)",
					"$(PLATFORM_DIR)/Developer/Library/Frameworks",
				);
				HEADER_SEARCH_PATHS = "$(inherited)";
				INFOPLIST_FILE = Pui.xcodeproj/SwiftShell_Info.plist;
				IPHONEOS_DEPLOYMENT_TARGET = 9.0;
				LD_RUNPATH_SEARCH_PATHS = "$(inherited) $(TOOLCHAIN_DIR)/usr/lib/swift/macosx";
				MACOSX_DEPLOYMENT_TARGET = 10.10;
				OTHER_CFLAGS = "$(inherited)";
				OTHER_LDFLAGS = "$(inherited)";
				OTHER_SWIFT_FLAGS = "$(inherited)";
				PRODUCT_BUNDLE_IDENTIFIER = SwiftShell;
				PRODUCT_MODULE_NAME = "$(TARGET_NAME:c99extidentifier)";
				PRODUCT_NAME = "$(TARGET_NAME:c99extidentifier)";
				SKIP_INSTALL = YES;
				SWIFT_ACTIVE_COMPILATION_CONDITIONS = DEBUG;
				SWIFT_VERSION = 5.0;
				TARGET_NAME = SwiftShell;
				TVOS_DEPLOYMENT_TARGET = 9.0;
				WATCHOS_DEPLOYMENT_TARGET = 2.0;
			};
			name = Debug;
		};
		OBJ_227 /* Release */ = {
			isa = XCBuildConfiguration;
			buildSettings = {
				ENABLE_TESTABILITY = YES;
				FRAMEWORK_SEARCH_PATHS = (
					"$(inherited)",
					"$(PLATFORM_DIR)/Developer/Library/Frameworks",
				);
				HEADER_SEARCH_PATHS = "$(inherited)";
				INFOPLIST_FILE = Pui.xcodeproj/SwiftShell_Info.plist;
				IPHONEOS_DEPLOYMENT_TARGET = 9.0;
				LD_RUNPATH_SEARCH_PATHS = "$(inherited) $(TOOLCHAIN_DIR)/usr/lib/swift/macosx";
				MACOSX_DEPLOYMENT_TARGET = 10.10;
				OTHER_CFLAGS = "$(inherited)";
				OTHER_LDFLAGS = "$(inherited)";
				OTHER_SWIFT_FLAGS = "$(inherited)";
				PRODUCT_BUNDLE_IDENTIFIER = SwiftShell;
				PRODUCT_MODULE_NAME = "$(TARGET_NAME:c99extidentifier)";
				PRODUCT_NAME = "$(TARGET_NAME:c99extidentifier)";
				SKIP_INSTALL = YES;
				SWIFT_ACTIVE_COMPILATION_CONDITIONS = "$(inherited)";
				SWIFT_VERSION = 5.0;
				TARGET_NAME = SwiftShell;
				TVOS_DEPLOYMENT_TARGET = 9.0;
				WATCHOS_DEPLOYMENT_TARGET = 2.0;
			};
			name = Release;
		};
		OBJ_241 /* Debug */ = {
			isa = XCBuildConfiguration;
			buildSettings = {
				LD = /usr/bin/true;
				OTHER_SWIFT_FLAGS = "-swift-version 5 -I $(TOOLCHAIN_DIR)/usr/lib/swift/pm/4_2 -sdk /Applications/Xcode.app/Contents/Developer/Platforms/MacOSX.platform/Developer/SDKs/MacOSX11.1.sdk -package-description-version 5.0.0";
				SWIFT_VERSION = 5.0;
			};
			name = Debug;
		};
		OBJ_242 /* Release */ = {
			isa = XCBuildConfiguration;
			buildSettings = {
				LD = /usr/bin/true;
				OTHER_SWIFT_FLAGS = "-swift-version 5 -I $(TOOLCHAIN_DIR)/usr/lib/swift/pm/4_2 -sdk /Applications/Xcode.app/Contents/Developer/Platforms/MacOSX.platform/Developer/SDKs/MacOSX11.1.sdk -package-description-version 5.0.0";
				SWIFT_VERSION = 5.0;
			};
			name = Release;
		};
		OBJ_246 /* Debug */ = {
			isa = XCBuildConfiguration;
			buildSettings = {
				ENABLE_TESTABILITY = YES;
				FRAMEWORK_SEARCH_PATHS = (
					"$(inherited)",
					"$(PLATFORM_DIR)/Developer/Library/Frameworks",
				);
				HEADER_SEARCH_PATHS = "$(inherited)";
				INFOPLIST_FILE = Pui.xcodeproj/Yaml_Info.plist;
				LD_RUNPATH_SEARCH_PATHS = "$(inherited) $(TOOLCHAIN_DIR)/usr/lib/swift/macosx";
				OTHER_CFLAGS = "$(inherited)";
				OTHER_LDFLAGS = "$(inherited)";
				OTHER_SWIFT_FLAGS = "$(inherited)";
				PRODUCT_BUNDLE_IDENTIFIER = Yaml;
				PRODUCT_MODULE_NAME = "$(TARGET_NAME:c99extidentifier)";
				PRODUCT_NAME = "$(TARGET_NAME:c99extidentifier)";
				SKIP_INSTALL = YES;
				SWIFT_ACTIVE_COMPILATION_CONDITIONS = "$(inherited)";
				SWIFT_VERSION = 4.0;
				TARGET_NAME = Yaml;
			};
			name = Debug;
		};
		OBJ_247 /* Release */ = {
			isa = XCBuildConfiguration;
			buildSettings = {
				ENABLE_TESTABILITY = YES;
				FRAMEWORK_SEARCH_PATHS = (
					"$(inherited)",
					"$(PLATFORM_DIR)/Developer/Library/Frameworks",
				);
				HEADER_SEARCH_PATHS = "$(inherited)";
				INFOPLIST_FILE = Pui.xcodeproj/Yaml_Info.plist;
				LD_RUNPATH_SEARCH_PATHS = "$(inherited) $(TOOLCHAIN_DIR)/usr/lib/swift/macosx";
				OTHER_CFLAGS = "$(inherited)";
				OTHER_LDFLAGS = "$(inherited)";
				OTHER_SWIFT_FLAGS = "$(inherited)";
				PRODUCT_BUNDLE_IDENTIFIER = Yaml;
				PRODUCT_MODULE_NAME = "$(TARGET_NAME:c99extidentifier)";
				PRODUCT_NAME = "$(TARGET_NAME:c99extidentifier)";
				SKIP_INSTALL = YES;
				SWIFT_ACTIVE_COMPILATION_CONDITIONS = "$(inherited)";
				SWIFT_VERSION = 4.0;
				TARGET_NAME = Yaml;
			};
			name = Release;
		};
		OBJ_258 /* Debug */ = {
			isa = XCBuildConfiguration;
			buildSettings = {
				LD = /usr/bin/true;
				OTHER_SWIFT_FLAGS = "-swift-version 4 -I $(TOOLCHAIN_DIR)/usr/lib/swift/pm/4 -sdk /Applications/Xcode.app/Contents/Developer/Platforms/MacOSX.platform/Developer/SDKs/MacOSX11.1.sdk -package-description-version 4.1.0";
				SWIFT_VERSION = 4.0;
			};
			name = Debug;
		};
		OBJ_259 /* Release */ = {
			isa = XCBuildConfiguration;
			buildSettings = {
				LD = /usr/bin/true;
				OTHER_SWIFT_FLAGS = "-swift-version 4 -I $(TOOLCHAIN_DIR)/usr/lib/swift/pm/4 -sdk /Applications/Xcode.app/Contents/Developer/Platforms/MacOSX.platform/Developer/SDKs/MacOSX11.1.sdk -package-description-version 4.1.0";
				SWIFT_VERSION = 4.0;
			};
			name = Release;
		};
		OBJ_264 /* Debug */ = {
			isa = XCBuildConfiguration;
			buildSettings = {
			};
			name = Debug;
		};
		OBJ_265 /* Release */ = {
			isa = XCBuildConfiguration;
			buildSettings = {
			};
			name = Release;
		};
		OBJ_269 /* Debug */ = {
			isa = XCBuildConfiguration;
			buildSettings = {
				LD = /usr/bin/true;
				OTHER_SWIFT_FLAGS = "-swift-version 5 -I $(TOOLCHAIN_DIR)/usr/lib/swift/pm/4_2 -sdk /Applications/Xcode.app/Contents/Developer/Platforms/MacOSX.platform/Developer/SDKs/MacOSX11.1.sdk -package-description-version 5.2.0";
				SWIFT_VERSION = 5.0;
			};
			name = Debug;
		};
		OBJ_270 /* Release */ = {
			isa = XCBuildConfiguration;
			buildSettings = {
				LD = /usr/bin/true;
				OTHER_SWIFT_FLAGS = "-swift-version 5 -I $(TOOLCHAIN_DIR)/usr/lib/swift/pm/4_2 -sdk /Applications/Xcode.app/Contents/Developer/Platforms/MacOSX.platform/Developer/SDKs/MacOSX11.1.sdk -package-description-version 5.2.0";
				SWIFT_VERSION = 5.0;
			};
			name = Release;
		};
		OBJ_3 /* Debug */ = {
			isa = XCBuildConfiguration;
			buildSettings = {
				CLANG_ENABLE_OBJC_ARC = YES;
				COMBINE_HIDPI_IMAGES = YES;
				COPY_PHASE_STRIP = NO;
				DEBUG_INFORMATION_FORMAT = dwarf;
				DYLIB_INSTALL_NAME_BASE = "@rpath";
				ENABLE_NS_ASSERTIONS = YES;
				GCC_OPTIMIZATION_LEVEL = 0;
				GCC_PREPROCESSOR_DEFINITIONS = (
					"$(inherited)",
					"SWIFT_PACKAGE=1",
					"DEBUG=1",
				);
				MACOSX_DEPLOYMENT_TARGET = 10.10;
				ONLY_ACTIVE_ARCH = YES;
				OTHER_SWIFT_FLAGS = "$(inherited) -DXcode";
				PRODUCT_NAME = "$(TARGET_NAME)";
				SDKROOT = macosx;
				SUPPORTED_PLATFORMS = "macosx iphoneos iphonesimulator appletvos appletvsimulator watchos watchsimulator";
				SWIFT_ACTIVE_COMPILATION_CONDITIONS = "$(inherited) SWIFT_PACKAGE DEBUG";
				SWIFT_OPTIMIZATION_LEVEL = "-Onone";
				USE_HEADERMAP = NO;
			};
			name = Debug;
		};
		OBJ_4 /* Release */ = {
			isa = XCBuildConfiguration;
			buildSettings = {
				CLANG_ENABLE_OBJC_ARC = YES;
				COMBINE_HIDPI_IMAGES = YES;
				COPY_PHASE_STRIP = YES;
				DEBUG_INFORMATION_FORMAT = "dwarf-with-dsym";
				DYLIB_INSTALL_NAME_BASE = "@rpath";
				GCC_OPTIMIZATION_LEVEL = s;
				GCC_PREPROCESSOR_DEFINITIONS = (
					"$(inherited)",
					"SWIFT_PACKAGE=1",
				);
				MACOSX_DEPLOYMENT_TARGET = 10.10;
				OTHER_SWIFT_FLAGS = "$(inherited) -DXcode";
				PRODUCT_NAME = "$(TARGET_NAME)";
				SDKROOT = macosx;
				SUPPORTED_PLATFORMS = "macosx iphoneos iphonesimulator appletvos appletvsimulator watchos watchsimulator";
				SWIFT_ACTIVE_COMPILATION_CONDITIONS = "$(inherited) SWIFT_PACKAGE";
				SWIFT_OPTIMIZATION_LEVEL = "-Owholemodule";
				USE_HEADERMAP = NO;
			};
			name = Release;
		};
/* End XCBuildConfiguration section */

/* Begin XCConfigurationList section */
		OBJ_114 /* Build configuration list for PBXNativeTarget "ArgumentParser" */ = {
			isa = XCConfigurationList;
			buildConfigurations = (
				OBJ_115 /* Debug */,
				OBJ_116 /* Release */,
			);
			defaultConfigurationIsVisible = 0;
			defaultConfigurationName = Release;
		};
		OBJ_155 /* Build configuration list for PBXNativeTarget "Pui" */ = {
			isa = XCConfigurationList;
			buildConfigurations = (
				OBJ_156 /* Debug */,
				OBJ_157 /* Release */,
			);
			defaultConfigurationIsVisible = 0;
			defaultConfigurationName = Release;
		};
		OBJ_172 /* Build configuration list for PBXNativeTarget "PuiCore" */ = {
			isa = XCConfigurationList;
			buildConfigurations = (
				OBJ_173 /* Debug */,
				OBJ_174 /* Release */,
			);
			defaultConfigurationIsVisible = 0;
			defaultConfigurationName = Release;
		};
		OBJ_199 /* Build configuration list for PBXNativeTarget "PuiPackageDescription" */ = {
			isa = XCConfigurationList;
			buildConfigurations = (
				OBJ_200 /* Debug */,
				OBJ_201 /* Release */,
			);
			defaultConfigurationIsVisible = 0;
			defaultConfigurationName = Release;
		};
		OBJ_2 /* Build configuration list for PBXProject "Pui" */ = {
			isa = XCConfigurationList;
			buildConfigurations = (
				OBJ_3 /* Debug */,
				OBJ_4 /* Release */,
			);
			defaultConfigurationIsVisible = 0;
			defaultConfigurationName = Release;
		};
		OBJ_205 /* Build configuration list for PBXAggregateTarget "PuiPackageTests" */ = {
			isa = XCConfigurationList;
			buildConfigurations = (
				OBJ_206 /* Debug */,
				OBJ_207 /* Release */,
			);
			defaultConfigurationIsVisible = 0;
			defaultConfigurationName = Release;
		};
		OBJ_210 /* Build configuration list for PBXNativeTarget "PuiTests" */ = {
			isa = XCConfigurationList;
			buildConfigurations = (
				OBJ_211 /* Debug */,
				OBJ_212 /* Release */,
			);
			defaultConfigurationIsVisible = 0;
			defaultConfigurationName = Release;
		};
		OBJ_225 /* Build configuration list for PBXNativeTarget "SwiftShell" */ = {
			isa = XCConfigurationList;
			buildConfigurations = (
				OBJ_226 /* Debug */,
				OBJ_227 /* Release */,
			);
			defaultConfigurationIsVisible = 0;
			defaultConfigurationName = Release;
		};
		OBJ_240 /* Build configuration list for PBXNativeTarget "SwiftShellPackageDescription" */ = {
			isa = XCConfigurationList;
			buildConfigurations = (
				OBJ_241 /* Debug */,
				OBJ_242 /* Release */,
			);
			defaultConfigurationIsVisible = 0;
			defaultConfigurationName = Release;
		};
		OBJ_245 /* Build configuration list for PBXNativeTarget "Yaml" */ = {
			isa = XCConfigurationList;
			buildConfigurations = (
				OBJ_246 /* Debug */,
				OBJ_247 /* Release */,
			);
			defaultConfigurationIsVisible = 0;
			defaultConfigurationName = Release;
		};
		OBJ_257 /* Build configuration list for PBXNativeTarget "YamlPackageDescription" */ = {
			isa = XCConfigurationList;
			buildConfigurations = (
				OBJ_258 /* Debug */,
				OBJ_259 /* Release */,
			);
			defaultConfigurationIsVisible = 0;
			defaultConfigurationName = Release;
		};
		OBJ_263 /* Build configuration list for PBXAggregateTarget "pui" */ = {
			isa = XCConfigurationList;
			buildConfigurations = (
				OBJ_264 /* Debug */,
				OBJ_265 /* Release */,
			);
			defaultConfigurationIsVisible = 0;
			defaultConfigurationName = Release;
		};
		OBJ_268 /* Build configuration list for PBXNativeTarget "swift-argument-parserPackageDescription" */ = {
			isa = XCConfigurationList;
			buildConfigurations = (
				OBJ_269 /* Debug */,
				OBJ_270 /* Release */,
			);
			defaultConfigurationIsVisible = 0;
			defaultConfigurationName = Release;
		};
/* End XCConfigurationList section */
	};
	rootObject = OBJ_1 /* Project object */;
}
